// !$*UTF8*$!
{
	archiveVersion = 1;
	classes = {
	};
	objectVersion = 39;
	objects = {
		1058C7A1FEA54F0111CA2CBB = {
			isa = PBXFileReference;
			lastKnownFileType = wrapper.framework;
			name = Cocoa.framework;
			path = /System/Library/Frameworks/Cocoa.framework;
			refType = 0;
			sourceTree = "<absolute>";
		};
//100
//101
//102
//103
//104
//190
//191
//192
//193
//194
		19C28FACFE9D520D11CA2CBB = {
			children = (
				8D1107320486CEB800E47090,
				E3F9396D0812CCDE00F425B2,
				E32F9D6A08FB15F400AE0B2A,
				E32F9D6908FB15E300AE0B2A,
				E32F9D6B08FB160100AE0B2A,
				E32F9D7308FB196700AE0B2A,
				E3A5D64908FC4FE800869090,
			);
			isa = PBXGroup;
			name = Products;
			refType = 4;
			sourceTree = "<group>";
		};
//190
//191
//192
//193
//194
//290
//291
//292
//293
//294
		29B97313FDCFA39411CA2CEA = {
			buildSettings = {
			};
			buildStyles = (
				4A9504CCFFE6A4B311CA0CBA,
				4A9504CDFFE6A4B311CA0CBA,
			);
			hasScannedForEncodings = 1;
			isa = PBXProject;
			mainGroup = 29B97314FDCFA39411CA2CEA;
			projectDirPath = "";
			targets = (
				8D1107260486CEB800E47090,
				E3F9396C0812CCDE00F425B2,
				E3E0AECF080527B30080821B,
				E3E0AEE7080528F10080821B,
				E3E0AEF9080529BB0080821B,
				E32F9D5F08FB14AC00AE0B2A,
				E3A5D64808FC4FE800869090,
			);
		};
		29B97314FDCFA39411CA2CEA = {
			children = (
				E3A5D66408FC5A3600869090,
				E32F97A308FB068800AE0B2A,
				E3E0AA0B080515FE0080821B,
				E32F99A708FB0C6A00AE0B2A,
				29B97323FDCFA39411CA2CEA,
				E3F939C90812D13600F425B2,
				19C28FACFE9D520D11CA2CBB,
			);
			isa = PBXGroup;
			name = XPilotNG;
			path = "";
			refType = 4;
			sourceTree = "<group>";
		};
		29B97323FDCFA39411CA2CEA = {
			children = (
				1058C7A1FEA54F0111CA2CBB,
				E34F6BC308F8408A007373A1,
				E34F6DB708F85951007373A1,
				E34F6C1A08F84289007373A1,
				E3E0ADF2080517E70080821B,
				E3E0ADF0080517D80080821B,
				E3E0ADEC080517970080821B,
			);
			isa = PBXGroup;
			name = Frameworks;
			path = "";
			refType = 4;
			sourceTree = "<group>";
		};
//290
//291
//292
//293
//294
//4A0
//4A1
//4A2
//4A3
//4A4
		4A9504CCFFE6A4B311CA0CBA = {
			buildSettings = {
				COPY_PHASE_STRIP = NO;
				GCC_DYNAMIC_NO_PIC = NO;
				GCC_ENABLE_FIX_AND_CONTINUE = YES;
				GCC_GENERATE_DEBUGGING_SYMBOLS = YES;
				GCC_OPTIMIZATION_LEVEL = 0;
				ZERO_LINK = NO;
			};
			isa = PBXBuildStyle;
			name = Development;
		};
		4A9504CDFFE6A4B311CA0CBA = {
			buildSettings = {
				COPY_PHASE_STRIP = YES;
				GCC_ENABLE_FIX_AND_CONTINUE = NO;
				ZERO_LINK = NO;
			};
			isa = PBXBuildStyle;
			name = Deployment;
		};
//4A0
//4A1
//4A2
//4A3
//4A4
//8D0
//8D1
//8D2
//8D3
//8D4
		8D1107260486CEB800E47090 = {
			buildPhases = (
				8D1107290486CEB800E47090,
				8D11072C0486CEB800E47090,
				E34F6C4108F842C0007373A1,
				E34F6B9808F83FAD007373A1,
			);
			buildRules = (
			);
			buildSettings = {
				GCC_GENERATE_DEBUGGING_SYMBOLS = NO;
				GCC_PRECOMPILE_PREFIX_HEADER = YES;
				GCC_PREFIX_HEADER = contrib/macosx/config.h;
				HEADER_SEARCH_PATHS = /Library/Frameworks/SDL.framework/Versions/Current/Headers;
				INFOPLIST_FILE = contrib/macosx/Info.plist;
				INSTALL_PATH = /Applications;
				LIBRARY_SEARCH_PATHS = /opt/local/lib;
				PREBINDING = NO;
				PRODUCT_NAME = XPilotNG;
				WRAPPER_EXTENSION = app;
			};
			dependencies = (
			);
			isa = PBXNativeTarget;
			name = XPilotNG.app;
			productInstallPath = "$(HOME)/Applications";
			productName = XPilotNG;
			productReference = 8D1107320486CEB800E47090;
			productType = "com.apple.product-type.application";
		};
		8D1107290486CEB800E47090 = {
			buildActionMask = 2147483647;
			files = (
				E3E0AE1C080520BE0080821B,
				E32F97C308FB086C00AE0B2A,
			);
			isa = PBXResourcesBuildPhase;
			runOnlyForDeploymentPostprocessing = 0;
		};
		8D11072C0486CEB800E47090 = {
			buildActionMask = 2147483647;
			files = (
				E3E0A578080515800080821B,
				E34F6A8908F83B24007373A1,
				E34F6A8E08F83B24007373A1,
				E34F6A9208F83B24007373A1,
				E34F6A9408F83B24007373A1,
				E34F6A9808F83B24007373A1,
				E34F6A9A08F83B24007373A1,
				E34F6A9C08F83B24007373A1,
				E34F6AA008F83B24007373A1,
				E34F6AA208F83B24007373A1,
				E34F6AA508F83B24007373A1,
				E34F6AA708F83B24007373A1,
				E34F6AA908F83B24007373A1,
				E34F6AAA08F83B24007373A1,
				E34F6AAB08F83B24007373A1,
				E34F6AB208F83B24007373A1,
				E34F6AC208F83B69007373A1,
				E34F6AC408F83B6D007373A1,
				E34F6AC608F83B73007373A1,
				E34F6AC808F83B79007373A1,
				E34F6C4A08F8448C007373A1,
				E34F6ACD08F83B89007373A1,
				E34F6ACF08F83B8B007373A1,
				E34F6AD008F83B8C007373A1,
				E34F6AD108F83B8D007373A1,
				E34F6AD508F83B90007373A1,
				E34F6AD608F83B91007373A1,
				E34F6AD708F83B92007373A1,
				E34F6AD908F83BA8007373A1,
				E34F6ADB08F83BAA007373A1,
				E34F6ADC08F83BAB007373A1,
				E34F6ADE08F83BAC007373A1,
				E34F6AE008F83BAE007373A1,
				E34F6AE108F83BAE007373A1,
				E34F6AE208F83BAF007373A1,
				E34F6AE508F83BB1007373A1,
				E34F6AE608F83BB2007373A1,
				E34F6AE708F83BB3007373A1,
				E34F6AED08F83BE3007373A1,
				E34F6AEF08F83BE5007373A1,
				E34F6AF008F83BE6007373A1,
				E34F6AF208F83BE7007373A1,
				E34F6AF408F83BE9007373A1,
				E34F6AF508F83BEA007373A1,
				E34F6AF708F83BEB007373A1,
				E34F6AF908F83BED007373A1,
				E34F6AFB08F83BEF007373A1,
				E34F6AFE08F83BF1007373A1,
				E34F6AFF08F83C01007373A1,
				E34F6B0008F83C02007373A1,
				E34F6B0208F83C04007373A1,
				E34F6B0408F83C05007373A1,
				E34F6B0608F83C08007373A1,
				E34F6B0808F83C09007373A1,
				E34F6B0A08F83C0A007373A1,
				E34F6B0C08F83C0C007373A1,
			);
			isa = PBXSourcesBuildPhase;
			runOnlyForDeploymentPostprocessing = 0;
		};
		8D1107310486CEB800E47090 = {
			fileEncoding = 4;
			isa = PBXFileReference;
			lastKnownFileType = text.xml;
			path = Info.plist;
			refType = 4;
			sourceTree = "<group>";
		};
		8D1107320486CEB800E47090 = {
			explicitFileType = wrapper.application;
			includeInIndex = 0;
			isa = PBXFileReference;
			path = XPilotNG.app;
			refType = 3;
			sourceTree = BUILT_PRODUCTS_DIR;
		};
//8D0
//8D1
//8D2
//8D3
//8D4
//E30
//E31
//E32
//E33
//E34
		E32F97A308FB068800AE0B2A = {
			children = (
				E3E0A571080515800080821B,
				E3E0AE1B080520BE0080821B,
				8D1107310486CEB800E47090,
				E3A5D64F08FC512300869090,
				E32F97C208FB086C00AE0B2A,
				E3A5D67908FC5AE100869090,
				E32F97DD08FB0ADE00AE0B2A,
				E32F97DE08FB0ADE00AE0B2A,
				E32F97DF08FB0ADE00AE0B2A,
				E32F9D5C08FB145600AE0B2A,
			);
			isa = PBXGroup;
			name = "Mac OS X build files";
			path = contrib/macosx;
			refType = 4;
			sourceTree = "<group>";
		};
		E32F97C008FB086100AE0B2A = {
			fileEncoding = 30;
			isa = PBXFileReference;
			lastKnownFileType = text.plist.strings;
			name = English;
			path = English.lproj/InfoPlist.strings;
			refType = 4;
			sourceTree = "<group>";
		};
		E32F97C208FB086C00AE0B2A = {
			children = (
				E32F97C008FB086100AE0B2A,
			);
			isa = PBXVariantGroup;
			name = InfoPlist.strings;
			refType = 4;
			sourceTree = "<group>";
		};
		E32F97C308FB086C00AE0B2A = {
			fileRef = E32F97C208FB086C00AE0B2A;
			isa = PBXBuildFile;
			settings = {
			};
		};
		E32F97DD08FB0ADE00AE0B2A = {
			isa = PBXFileReference;
			lastKnownFileType = file;
			path = "XPilotNG Client.pmsp";
			refType = 4;
			sourceTree = "<group>";
		};
		E32F97DE08FB0ADE00AE0B2A = {
			isa = PBXFileReference;
			lastKnownFileType = file;
			path = "XPilotNG Data.pmsp";
			refType = 4;
			sourceTree = "<group>";
		};
		E32F97DF08FB0ADE00AE0B2A = {
			isa = PBXFileReference;
			lastKnownFileType = file;
			path = "XPilotNG Server.pmsp";
			refType = 4;
			sourceTree = "<group>";
		};
		E32F97E108FB0B2200AE0B2A = {
			buildActionMask = 2147483647;
			dstPath = packages/data;
			dstSubfolderSpec = 16;
			files = (
				E32F97E208FB0B6500AE0B2A,
			);
			isa = PBXCopyFilesBuildPhase;
			runOnlyForDeploymentPostprocessing = 0;
		};
		E32F97E208FB0B6500AE0B2A = {
			fileRef = E32F97DE08FB0ADE00AE0B2A;
			isa = PBXBuildFile;
			settings = {
			};
		};
		E32F97E308FB0BA000AE0B2A = {
			buildActionMask = 2147483647;
			dstPath = packages/data/contents;
			dstSubfolderSpec = 16;
			files = (
				E32F9D4408FB0CD400AE0B2A,
			);
			isa = PBXCopyFilesBuildPhase;
			runOnlyForDeploymentPostprocessing = 0;
		};
		E32F99A708FB0C6A00AE0B2A = {
			includeInIndex = 0;
			isa = PBXFileReference;
			lastKnownFileType = folder;
			path = lib;
			refType = 4;
			sourceTree = "<group>";
		};
		E32F9D4408FB0CD400AE0B2A = {
			fileRef = E32F99A708FB0C6A00AE0B2A;
			isa = PBXBuildFile;
			settings = {
			};
		};
		E32F9D4708FB0D2800AE0B2A = {
			buildActionMask = 2147483647;
			files = (
			);
			inputPaths = (
			);
			isa = PBXShellScriptBuildPhase;
			outputPaths = (
			);
			runOnlyForDeploymentPostprocessing = 0;
			shellPath = /bin/sh;
			shellScript = "packages=${BUILD_ROOT}/packages\ndata_package=${packages}/data\ncontents=${data_package}/contents\nrm -rf $(find ${contents} -name 'Makefile*')\nrm -rf $(find ${contents} -name '.cvsignore')\nrm -rf $(find ${contents} -name 'CVS')\nmv -f ${contents}/lib/* ${contents}/\nrmdir ${contents}/lib\n";
		};
		E32F9D4808FB0DC400AE0B2A = {
			buildActionMask = 2147483647;
			dstPath = packages/client/contents;
			dstSubfolderSpec = 16;
			files = (
				E32F9D4908FB0DE500AE0B2A,
			);
			isa = PBXCopyFilesBuildPhase;
			runOnlyForDeploymentPostprocessing = 0;
		};
		E32F9D4908FB0DE500AE0B2A = {
			fileRef = 8D1107320486CEB800E47090;
			isa = PBXBuildFile;
			settings = {
			};
		};
		E32F9D4A08FB0E0600AE0B2A = {
			buildActionMask = 2147483647;
			dstPath = packages/client;
			dstSubfolderSpec = 16;
			files = (
				E32F9D4B08FB0E1B00AE0B2A,
			);
			isa = PBXCopyFilesBuildPhase;
			runOnlyForDeploymentPostprocessing = 0;
		};
		E32F9D4B08FB0E1B00AE0B2A = {
			fileRef = E32F97DD08FB0ADE00AE0B2A;
			isa = PBXBuildFile;
			settings = {
			};
		};
		E32F9D4C08FB0E3D00AE0B2A = {
			buildActionMask = 2147483647;
			dstPath = packages/server;
			dstSubfolderSpec = 16;
			files = (
				E32F9D4D08FB0E5B00AE0B2A,
			);
			isa = PBXCopyFilesBuildPhase;
			runOnlyForDeploymentPostprocessing = 0;
		};
		E32F9D4D08FB0E5B00AE0B2A = {
			fileRef = E32F97DF08FB0ADE00AE0B2A;
			isa = PBXBuildFile;
			settings = {
			};
		};
		E32F9D5008FB0E8200AE0B2A = {
			buildActionMask = 2147483647;
			dstPath = packages/server/contents;
			dstSubfolderSpec = 16;
			files = (
				E32F9D5108FB0E9C00AE0B2A,
			);
			isa = PBXCopyFilesBuildPhase;
			runOnlyForDeploymentPostprocessing = 0;
		};
		E32F9D5108FB0E9C00AE0B2A = {
			fileRef = E3F9396D0812CCDE00F425B2;
			isa = PBXBuildFile;
			settings = {
			};
		};
		E32F9D5C08FB145600AE0B2A = {
			isa = PBXFileReference;
			lastKnownFileType = file;
			path = XPilotNG.pmsm;
			refType = 4;
			sourceTree = "<group>";
		};
		E32F9D5F08FB14AC00AE0B2A = {
			buildPhases = (
				E32F9D6608FB14E200AE0B2A,
				E32F9D6C08FB161000AE0B2A,
			);
			buildSettings = {
				OTHER_CFLAGS = "";
				OTHER_LDFLAGS = "";
				OTHER_REZFLAGS = "";
				PRODUCT_NAME = XPilotNG;
				SECTORDER_FLAGS = "";
				WARNING_CFLAGS = "-Wmost -Wno-four-char-constants -Wno-unknown-pragmas";
			};
			dependencies = (
				E32F9D6108FB14C100AE0B2A,
				E32F9D6308FB14C400AE0B2A,
				E32F9D6508FB14C700AE0B2A,
			);
			isa = PBXAggregateTarget;
			name = XPilotNG;
			productName = XPilotNG;
		};
		E32F9D6008FB14C100AE0B2A = {
			containerPortal = 29B97313FDCFA39411CA2CEA;
			isa = PBXContainerItemProxy;
			proxyType = 1;
			remoteGlobalIDString = E3E0AECF080527B30080821B;
			remoteInfo = "XPilotNG Data";
		};
		E32F9D6108FB14C100AE0B2A = {
			isa = PBXTargetDependency;
			target = E3E0AECF080527B30080821B;
			targetProxy = E32F9D6008FB14C100AE0B2A;
		};
		E32F9D6208FB14C400AE0B2A = {
			containerPortal = 29B97313FDCFA39411CA2CEA;
			isa = PBXContainerItemProxy;
			proxyType = 1;
			remoteGlobalIDString = E3E0AEE7080528F10080821B;
			remoteInfo = "XPilotNG Client";
		};
		E32F9D6308FB14C400AE0B2A = {
			isa = PBXTargetDependency;
			target = E3E0AEE7080528F10080821B;
			targetProxy = E32F9D6208FB14C400AE0B2A;
		};
		E32F9D6408FB14C700AE0B2A = {
			containerPortal = 29B97313FDCFA39411CA2CEA;
			isa = PBXContainerItemProxy;
			proxyType = 1;
			remoteGlobalIDString = E3E0AEF9080529BB0080821B;
			remoteInfo = "XPilotNG Server";
		};
		E32F9D6508FB14C700AE0B2A = {
			isa = PBXTargetDependency;
			target = E3E0AEF9080529BB0080821B;
			targetProxy = E32F9D6408FB14C700AE0B2A;
		};
		E32F9D6608FB14E200AE0B2A = {
			buildActionMask = 2147483647;
			dstPath = packages/meta;
			dstSubfolderSpec = 16;
			files = (
				E32F9D6708FB150B00AE0B2A,
			);
			isa = PBXCopyFilesBuildPhase;
			runOnlyForDeploymentPostprocessing = 0;
		};
		E32F9D6708FB150B00AE0B2A = {
			fileRef = E32F9D5C08FB145600AE0B2A;
			isa = PBXBuildFile;
			settings = {
			};
		};
		E32F9D6908FB15E300AE0B2A = {
			isa = PBXFileReference;
			lastKnownFileType = "wrapper.installer-pkg";
			name = "XPilotNG Client.pkg";
			path = "build/packages/client/XPilotNG Client.pkg";
			refType = 4;
			sourceTree = "<group>";
		};
		E32F9D6A08FB15F400AE0B2A = {
			isa = PBXFileReference;
			lastKnownFileType = "wrapper.installer-pkg";
			name = "XPilotNG Data.pkg";
			path = "build/packages/data/XPilotNG Data.pkg";
			refType = 4;
			sourceTree = "<group>";
		};
		E32F9D6B08FB160100AE0B2A = {
			isa = PBXFileReference;
			lastKnownFileType = "wrapper.installer-pkg";
			name = "XPilotNG Server.pkg";
			path = "build/packages/server/XPilotNG Server.pkg";
			refType = 4;
			sourceTree = "<group>";
		};
		E32F9D6C08FB161000AE0B2A = {
			buildActionMask = 2147483647;
			dstPath = packages/meta/contents;
			dstSubfolderSpec = 16;
			files = (
				E32F9D7208FB164700AE0B2A,
				E32F9D7108FB164500AE0B2A,
				E32F9D7008FB164100AE0B2A,
			);
			isa = PBXCopyFilesBuildPhase;
			runOnlyForDeploymentPostprocessing = 0;
		};
		E32F9D7008FB164100AE0B2A = {
			fileRef = E32F9D6B08FB160100AE0B2A;
			isa = PBXBuildFile;
			settings = {
			};
		};
		E32F9D7108FB164500AE0B2A = {
			fileRef = E32F9D6908FB15E300AE0B2A;
			isa = PBXBuildFile;
			settings = {
			};
		};
		E32F9D7208FB164700AE0B2A = {
			fileRef = E32F9D6A08FB15F400AE0B2A;
			isa = PBXBuildFile;
			settings = {
			};
		};
		E32F9D7308FB196700AE0B2A = {
			isa = PBXFileReference;
			lastKnownFileType = "wrapper.installer-mpkg";
			name = XPilotNG.mpkg;
			path = build/packages/meta/XPilotNG.mpkg;
			refType = 4;
			sourceTree = "<group>";
		};
		E32F9D7508FB724200AE0B2A = {
			buildActionMask = 2147483647;
			files = (
			);
			inputPaths = (
			);
			isa = PBXShellScriptBuildPhase;
			outputPaths = (
			);
			runOnlyForDeploymentPostprocessing = 0;
			shellPath = /bin/sh;
			shellScript = "packages=${BUILD_ROOT}/packages\ndata_package=${packages}/data\ncontents=${data_package}/contents\nrm -rf ${contents}\n";
		};
		E34F69C708F838D5007373A1 = {
			fileEncoding = 30;
			isa = PBXFileReference;
			lastKnownFileType = sourcecode.c.c;
			path = caudio.c;
			refType = 4;
			sourceTree = "<group>";
		};
		E34F69C808F838D5007373A1 = {
			fileEncoding = 30;
			isa = PBXFileReference;
			lastKnownFileType = sourcecode.c.h;
			path = caudio.h;
			refType = 4;
			sourceTree = "<group>";
		};
		E34F69C908F838D5007373A1 = {
			fileEncoding = 30;
			isa = PBXFileReference;
			lastKnownFileType = sourcecode.c.c;
			path = client.c;
			refType = 4;
			sourceTree = "<group>";
		};
		E34F69CA08F838D5007373A1 = {
			fileEncoding = 30;
			isa = PBXFileReference;
			lastKnownFileType = sourcecode.c.h;
			path = client.h;
			refType = 4;
			sourceTree = "<group>";
		};
		E34F69CB08F838D5007373A1 = {
			fileEncoding = 30;
			isa = PBXFileReference;
			lastKnownFileType = sourcecode.c.c;
			path = clientcommand.c;
			refType = 4;
			sourceTree = "<group>";
		};
		E34F69CC08F838D5007373A1 = {
			fileEncoding = 30;
			isa = PBXFileReference;
			lastKnownFileType = sourcecode.c.h;
			path = clientcommand.h;
			refType = 4;
			sourceTree = "<group>";
		};
		E34F69CD08F838D5007373A1 = {
			fileEncoding = 30;
			isa = PBXFileReference;
			lastKnownFileType = sourcecode.c.c;
			path = clientrank.c;
			refType = 4;
			sourceTree = "<group>";
		};
		E34F69CE08F838D5007373A1 = {
			fileEncoding = 30;
			isa = PBXFileReference;
			lastKnownFileType = sourcecode.c.h;
			path = clientrank.h;
			refType = 4;
			sourceTree = "<group>";
		};
		E34F69CF08F838D5007373A1 = {
			fileEncoding = 30;
			isa = PBXFileReference;
			lastKnownFileType = sourcecode.c.h;
			path = configure.h;
			refType = 4;
			sourceTree = "<group>";
		};
		E34F69D008F838D5007373A1 = {
			fileEncoding = 30;
			isa = PBXFileReference;
			lastKnownFileType = sourcecode.c.h;
			path = connectparam.h;
			refType = 4;
			sourceTree = "<group>";
		};
		E34F69D108F838D5007373A1 = {
			fileEncoding = 30;
			isa = PBXFileReference;
			lastKnownFileType = sourcecode.c.c;
			path = datagram.c;
			refType = 4;
			sourceTree = "<group>";
		};
		E34F69D208F838D5007373A1 = {
			fileEncoding = 30;
			isa = PBXFileReference;
			lastKnownFileType = sourcecode.c.h;
			path = datagram.h;
			refType = 4;
			sourceTree = "<group>";
		};
		E34F69D308F838D5007373A1 = {
			fileEncoding = 30;
			isa = PBXFileReference;
			lastKnownFileType = sourcecode.c.c;
			path = default.c;
			refType = 4;
			sourceTree = "<group>";
		};
		E34F69D408F838D5007373A1 = {
			fileEncoding = 30;
			isa = PBXFileReference;
			lastKnownFileType = sourcecode.c.c;
			path = event.c;
			refType = 4;
			sourceTree = "<group>";
		};
		E34F69D508F838D5007373A1 = {
			fileEncoding = 30;
			isa = PBXFileReference;
			lastKnownFileType = sourcecode.c.c;
			path = gfx2d.c;
			refType = 4;
			sourceTree = "<group>";
		};
		E34F69D608F838D5007373A1 = {
			fileEncoding = 30;
			isa = PBXFileReference;
			lastKnownFileType = sourcecode.c.h;
			path = gfx2d.h;
			refType = 4;
			sourceTree = "<group>";
		};
		E34F69D708F838D5007373A1 = {
			fileEncoding = 30;
			isa = PBXFileReference;
			lastKnownFileType = sourcecode.c.h;
			path = guimap.h;
			refType = 4;
			sourceTree = "<group>";
		};
		E34F69D808F838D5007373A1 = {
			fileEncoding = 30;
			isa = PBXFileReference;
			lastKnownFileType = sourcecode.c.h;
			path = guiobjects.h;
			refType = 4;
			sourceTree = "<group>";
		};
		E34F69D908F838D5007373A1 = {
			fileEncoding = 30;
			isa = PBXFileReference;
			lastKnownFileType = sourcecode.c.c;
			path = mapdata.c;
			refType = 4;
			sourceTree = "<group>";
		};
		E34F69DA08F838D5007373A1 = {
			fileEncoding = 30;
			isa = PBXFileReference;
			lastKnownFileType = sourcecode.c.c;
			path = messages.c;
			refType = 4;
			sourceTree = "<group>";
		};
		E34F69DB08F838D5007373A1 = {
			fileEncoding = 30;
			isa = PBXFileReference;
			lastKnownFileType = sourcecode.c.c;
			path = meta.c;
			refType = 4;
			sourceTree = "<group>";
		};
		E34F69DC08F838D5007373A1 = {
			fileEncoding = 30;
			isa = PBXFileReference;
			lastKnownFileType = sourcecode.c.h;
			path = meta.h;
			refType = 4;
			sourceTree = "<group>";
		};
		E34F69DD08F838D5007373A1 = {
			fileEncoding = 30;
			isa = PBXFileReference;
			lastKnownFileType = sourcecode.c.c;
			path = netclient.c;
			refType = 4;
			sourceTree = "<group>";
		};
		E34F69DE08F838D5007373A1 = {
			fileEncoding = 30;
			isa = PBXFileReference;
			lastKnownFileType = sourcecode.c.h;
			path = netclient.h;
			refType = 4;
			sourceTree = "<group>";
		};
		E34F69DF08F838D5007373A1 = {
			fileEncoding = 30;
			isa = PBXFileReference;
			lastKnownFileType = sourcecode.c.c;
			path = oalaudio.c;
			refType = 4;
			sourceTree = "<group>";
		};
		E34F69E008F838D5007373A1 = {
			fileEncoding = 30;
			isa = PBXFileReference;
			lastKnownFileType = sourcecode.c.c;
			path = option.c;
			refType = 4;
			sourceTree = "<group>";
		};
		E34F69E108F838D5007373A1 = {
			fileEncoding = 30;
			isa = PBXFileReference;
			lastKnownFileType = sourcecode.c.h;
			path = option.h;
			refType = 4;
			sourceTree = "<group>";
		};
		E34F69E208F838D5007373A1 = {
			fileEncoding = 30;
			isa = PBXFileReference;
			lastKnownFileType = sourcecode.c.c;
			path = paint.c;
			refType = 4;
			sourceTree = "<group>";
		};
		E34F69E308F838D5007373A1 = {
			fileEncoding = 30;
			isa = PBXFileReference;
			lastKnownFileType = sourcecode.c.h;
			path = paint.h;
			refType = 4;
			sourceTree = "<group>";
		};
		E34F69E408F838D5007373A1 = {
			fileEncoding = 30;
			isa = PBXFileReference;
			lastKnownFileType = sourcecode.c.c;
			path = paintmap.c;
			refType = 4;
			sourceTree = "<group>";
		};
		E34F69E508F838D5007373A1 = {
			fileEncoding = 30;
			isa = PBXFileReference;
			lastKnownFileType = sourcecode.c.c;
			path = paintobjects.c;
			refType = 4;
			sourceTree = "<group>";
		};
		E34F69E608F838D5007373A1 = {
			fileEncoding = 30;
			isa = PBXFileReference;
			lastKnownFileType = sourcecode.c.c;
			path = query.c;
			refType = 4;
			sourceTree = "<group>";
		};
		E34F69E708F838D6007373A1 = {
			fileEncoding = 30;
			isa = PBXFileReference;
			lastKnownFileType = sourcecode.c.h;
			path = recordfmt.h;
			refType = 4;
			sourceTree = "<group>";
		};
		E34F69E808F838D6007373A1 = {
			fileEncoding = 30;
			isa = PBXFileReference;
			lastKnownFileType = sourcecode.c.h;
			path = talk.h;
			refType = 4;
			sourceTree = "<group>";
		};
		E34F69E908F838D6007373A1 = {
			fileEncoding = 30;
			isa = PBXFileReference;
			lastKnownFileType = sourcecode.c.c;
			path = talkmacros.c;
			refType = 4;
			sourceTree = "<group>";
		};
		E34F69EA08F838D6007373A1 = {
			fileEncoding = 30;
			isa = PBXFileReference;
			lastKnownFileType = sourcecode.c.c;
			path = textinterface.c;
			refType = 4;
			sourceTree = "<group>";
		};
		E34F69EB08F838D6007373A1 = {
			fileEncoding = 30;
			isa = PBXFileReference;
			lastKnownFileType = sourcecode.c.c;
			path = usleep.c;
			refType = 4;
			sourceTree = "<group>";
		};
		E34F6A1308F83A1C007373A1 = {
			fileEncoding = 30;
			isa = PBXFileReference;
			lastKnownFileType = sourcecode.c.h;
			path = xhacks.h;
			refType = 4;
			sourceTree = "<group>";
		};
		E34F6A1508F83A27007373A1 = {
			fileEncoding = 30;
			isa = PBXFileReference;
			lastKnownFileType = sourcecode.c.h;
			path = xpclient.h;
			refType = 4;
			sourceTree = "<group>";
		};
		E34F6A1708F83A53007373A1 = {
			fileEncoding = 30;
			isa = PBXFileReference;
			lastKnownFileType = sourcecode.c.h;
			path = asteroid_data.h;
			refType = 4;
			sourceTree = "<group>";
		};
		E34F6A1808F83A53007373A1 = {
			fileEncoding = 30;
			isa = PBXFileReference;
			lastKnownFileType = sourcecode.c.c;
			path = console.c;
			refType = 4;
			sourceTree = "<group>";
		};
		E34F6A1908F83A53007373A1 = {
			fileEncoding = 30;
			isa = PBXFileReference;
			lastKnownFileType = sourcecode.c.h;
			path = console.h;
			refType = 4;
			sourceTree = "<group>";
		};
		E34F6A1A08F83A53007373A1 = {
			fileEncoding = 30;
			isa = PBXFileReference;
			lastKnownFileType = sourcecode.c.c;
			path = DT_drawtext.c;
			refType = 4;
			sourceTree = "<group>";
		};
		E34F6A1B08F83A53007373A1 = {
			fileEncoding = 30;
			isa = PBXFileReference;
			lastKnownFileType = sourcecode.c.h;
			path = DT_drawtext.h;
			refType = 4;
			sourceTree = "<group>";
		};
		E34F6A1C08F83A53007373A1 = {
			fileEncoding = 30;
			isa = PBXFileReference;
			lastKnownFileType = sourcecode.c.c;
			path = gameloop.c;
			refType = 4;
			sourceTree = "<group>";
		};
		E34F6A1D08F83A53007373A1 = {
			fileEncoding = 30;
			isa = PBXFileReference;
			lastKnownFileType = sourcecode.c.c;
			path = glwidgets.c;
			refType = 4;
			sourceTree = "<group>";
		};
		E34F6A1E08F83A53007373A1 = {
			fileEncoding = 30;
			isa = PBXFileReference;
			lastKnownFileType = sourcecode.c.h;
			path = glwidgets.h;
			refType = 4;
			sourceTree = "<group>";
		};
		E34F6A1F08F83A53007373A1 = {
			fileEncoding = 30;
			isa = PBXFileReference;
			lastKnownFileType = sourcecode.c.c;
			path = images.c;
			refType = 4;
			sourceTree = "<group>";
		};
		E34F6A2008F83A53007373A1 = {
			fileEncoding = 30;
			isa = PBXFileReference;
			lastKnownFileType = sourcecode.c.h;
			path = images.h;
			refType = 4;
			sourceTree = "<group>";
		};
		E34F6A2108F83A53007373A1 = {
			fileEncoding = 30;
			isa = PBXFileReference;
			lastKnownFileType = sourcecode.c.c;
			path = main.c;
			refType = 4;
			sourceTree = "<group>";
		};
		E34F6A2208F83A53007373A1 = {
			fileEncoding = 30;
			isa = PBXFileReference;
			lastKnownFileType = sourcecode.c.c;
			path = radar.c;
			refType = 4;
			sourceTree = "<group>";
		};
		E34F6A2308F83A53007373A1 = {
			fileEncoding = 30;
			isa = PBXFileReference;
			lastKnownFileType = sourcecode.c.h;
			path = radar.h;
			refType = 4;
			sourceTree = "<group>";
		};
		E34F6A2408F83A53007373A1 = {
			fileEncoding = 30;
			isa = PBXFileReference;
			lastKnownFileType = sourcecode.c.c;
			path = scrap.c;
			refType = 4;
			sourceTree = "<group>";
		};
		E34F6A2508F83A53007373A1 = {
			fileEncoding = 30;
			isa = PBXFileReference;
			lastKnownFileType = sourcecode.c.h;
			path = scrap.h;
			refType = 4;
			sourceTree = "<group>";
		};
		E34F6A2608F83A53007373A1 = {
			fileEncoding = 30;
			isa = PBXFileReference;
			lastKnownFileType = sourcecode.c.c;
			path = SDL_console.c;
			refType = 4;
			sourceTree = "<group>";
		};
		E34F6A2708F83A53007373A1 = {
			fileEncoding = 30;
			isa = PBXFileReference;
			lastKnownFileType = sourcecode.c.h;
			path = SDL_console.h;
			refType = 4;
			sourceTree = "<group>";
		};
		E34F6A2808F83A53007373A1 = {
			fileEncoding = 30;
			isa = PBXFileReference;
			lastKnownFileType = sourcecode.c.h;
			path = SDL_gfxPrimitives_font.h;
			refType = 4;
			sourceTree = "<group>";
		};
		E34F6A2908F83A53007373A1 = {
			fileEncoding = 30;
			isa = PBXFileReference;
			lastKnownFileType = sourcecode.c.c;
			path = SDL_gfxPrimitives.c;
			refType = 4;
			sourceTree = "<group>";
		};
		E34F6A2A08F83A53007373A1 = {
			fileEncoding = 30;
			isa = PBXFileReference;
			lastKnownFileType = sourcecode.c.h;
			path = SDL_gfxPrimitives.h;
			refType = 4;
			sourceTree = "<group>";
		};
		E34F6A2B08F83A53007373A1 = {
			fileEncoding = 30;
			isa = PBXFileReference;
			lastKnownFileType = sourcecode.c.c;
			path = sdlevent.c;
			refType = 4;
			sourceTree = "<group>";
		};
		E34F6A2C08F83A54007373A1 = {
			fileEncoding = 30;
			isa = PBXFileReference;
			lastKnownFileType = sourcecode.c.c;
			path = sdlgui.c;
			refType = 4;
			sourceTree = "<group>";
		};
		E34F6A2D08F83A54007373A1 = {
			fileEncoding = 30;
			isa = PBXFileReference;
			lastKnownFileType = sourcecode.c.c;
			path = sdlinit.c;
			refType = 4;
			sourceTree = "<group>";
		};
		E34F6A2E08F83A54007373A1 = {
			fileEncoding = 30;
			isa = PBXFileReference;
			lastKnownFileType = sourcecode.c.h;
			path = sdlinit.h;
			refType = 4;
			sourceTree = "<group>";
		};
		E34F6A2F08F83A54007373A1 = {
			fileEncoding = 30;
			isa = PBXFileReference;
			lastKnownFileType = sourcecode.c.c;
			path = sdlkeys.c;
			refType = 4;
			sourceTree = "<group>";
		};
		E34F6A3008F83A54007373A1 = {
			fileEncoding = 30;
			isa = PBXFileReference;
			lastKnownFileType = sourcecode.c.h;
			path = sdlkeys.h;
			refType = 4;
			sourceTree = "<group>";
		};
		E34F6A3108F83A54007373A1 = {
			fileEncoding = 30;
			isa = PBXFileReference;
			lastKnownFileType = sourcecode.c.c;
			path = sdlmeta.c;
			refType = 4;
			sourceTree = "<group>";
		};
		E34F6A3208F83A54007373A1 = {
			fileEncoding = 30;
			isa = PBXFileReference;
			lastKnownFileType = sourcecode.c.h;
			path = sdlmeta.h;
			refType = 4;
			sourceTree = "<group>";
		};
		E34F6A3308F83A54007373A1 = {
			fileEncoding = 30;
			isa = PBXFileReference;
			lastKnownFileType = sourcecode.c.c;
			path = sdlpaint.c;
			refType = 4;
			sourceTree = "<group>";
		};
		E34F6A3408F83A54007373A1 = {
			fileEncoding = 30;
			isa = PBXFileReference;
			lastKnownFileType = sourcecode.c.h;
			path = sdlpaint.h;
			refType = 4;
			sourceTree = "<group>";
		};
		E34F6A3508F83A54007373A1 = {
			fileEncoding = 30;
			isa = PBXFileReference;
			lastKnownFileType = sourcecode.c.c;
			path = sdlwindow.c;
			refType = 4;
			sourceTree = "<group>";
		};
		E34F6A3608F83A54007373A1 = {
			fileEncoding = 30;
			isa = PBXFileReference;
			lastKnownFileType = sourcecode.c.h;
			path = sdlwindow.h;
			refType = 4;
			sourceTree = "<group>";
		};
		E34F6A3708F83A54007373A1 = {
			fileEncoding = 30;
			isa = PBXFileReference;
			lastKnownFileType = sourcecode.c.c;
			path = text.c;
			refType = 4;
			sourceTree = "<group>";
		};
		E34F6A3808F83A54007373A1 = {
			fileEncoding = 30;
			isa = PBXFileReference;
			lastKnownFileType = sourcecode.c.h;
			path = text.h;
			refType = 4;
			sourceTree = "<group>";
		};
		E34F6A3908F83A54007373A1 = {
			fileEncoding = 30;
			isa = PBXFileReference;
			lastKnownFileType = sourcecode.c.c;
			path = todo.c;
			refType = 4;
			sourceTree = "<group>";
		};
		E34F6A3A08F83A54007373A1 = {
			fileEncoding = 30;
			isa = PBXFileReference;
			lastKnownFileType = sourcecode.c.h;
			path = xpclient_sdl.h;
			refType = 4;
			sourceTree = "<group>";
		};
		E34F6A5F08F83B24007373A1 = {
			fileEncoding = 30;
			isa = PBXFileReference;
			lastKnownFileType = sourcecode.c.c;
			path = arraylist.c;
			refType = 4;
			sourceTree = "<group>";
		};
		E34F6A6008F83B24007373A1 = {
			fileEncoding = 30;
			isa = PBXFileReference;
			lastKnownFileType = sourcecode.c.h;
			path = arraylist.h;
			refType = 4;
			sourceTree = "<group>";
		};
		E34F6A6108F83B24007373A1 = {
			fileEncoding = 30;
			isa = PBXFileReference;
			lastKnownFileType = sourcecode.c.h;
			path = astershape.h;
			refType = 4;
			sourceTree = "<group>";
		};
		E34F6A6208F83B24007373A1 = {
			fileEncoding = 30;
			isa = PBXFileReference;
			lastKnownFileType = sourcecode.c.h;
			path = audio.h;
			refType = 4;
			sourceTree = "<group>";
		};
		E34F6A6308F83B24007373A1 = {
			fileEncoding = 30;
			isa = PBXFileReference;
			lastKnownFileType = sourcecode.c.h;
			path = bit.h;
			refType = 4;
			sourceTree = "<group>";
		};
		E34F6A6408F83B24007373A1 = {
			fileEncoding = 30;
			isa = PBXFileReference;
			lastKnownFileType = sourcecode.c.c;
			path = checknames.c;
			refType = 4;
			sourceTree = "<group>";
		};
		E34F6A6508F83B24007373A1 = {
			fileEncoding = 30;
			isa = PBXFileReference;
			lastKnownFileType = sourcecode.c.h;
			path = checknames.h;
			refType = 4;
			sourceTree = "<group>";
		};
		E34F6A6608F83B24007373A1 = {
			fileEncoding = 30;
			isa = PBXFileReference;
			lastKnownFileType = sourcecode.c.h;
			path = click.h;
			refType = 4;
			sourceTree = "<group>";
		};
		E34F6A6708F83B24007373A1 = {
			fileEncoding = 30;
			isa = PBXFileReference;
			lastKnownFileType = sourcecode.c.h;
			path = commonproto.h;
			refType = 4;
			sourceTree = "<group>";
		};
		E34F6A6808F83B24007373A1 = {
			fileEncoding = 30;
			isa = PBXFileReference;
			lastKnownFileType = sourcecode.c.c;
			path = config.c;
			refType = 4;
			sourceTree = "<group>";
		};
		E34F6A6908F83B24007373A1 = {
			fileEncoding = 30;
			isa = PBXFileReference;
			lastKnownFileType = sourcecode.c.h;
			path = const.h;
			refType = 4;
			sourceTree = "<group>";
		};
		E34F6A6A08F83B24007373A1 = {
			fileEncoding = 30;
			isa = PBXFileReference;
			lastKnownFileType = sourcecode.c.c;
			path = error.c;
			refType = 4;
			sourceTree = "<group>";
		};
		E34F6A6B08F83B24007373A1 = {
			fileEncoding = 30;
			isa = PBXFileReference;
			lastKnownFileType = sourcecode.c.h;
			path = error.h;
			refType = 4;
			sourceTree = "<group>";
		};
		E34F6A6C08F83B24007373A1 = {
			fileEncoding = 30;
			isa = PBXFileReference;
			lastKnownFileType = sourcecode.c.h;
			path = item.h;
			refType = 4;
			sourceTree = "<group>";
		};
		E34F6A6D08F83B24007373A1 = {
			fileEncoding = 30;
			isa = PBXFileReference;
			lastKnownFileType = sourcecode.c.h;
			path = keys.h;
			refType = 4;
			sourceTree = "<group>";
		};
		E34F6A6E08F83B24007373A1 = {
			fileEncoding = 30;
			isa = PBXFileReference;
			lastKnownFileType = sourcecode.c.c;
			path = list.c;
			refType = 4;
			sourceTree = "<group>";
		};
		E34F6A6F08F83B24007373A1 = {
			fileEncoding = 30;
			isa = PBXFileReference;
			lastKnownFileType = sourcecode.c.h;
			path = list.h;
			refType = 4;
			sourceTree = "<group>";
		};
		E34F6A7008F83B24007373A1 = {
			fileEncoding = 30;
			isa = PBXFileReference;
			lastKnownFileType = sourcecode.c.c;
			path = math.c;
			refType = 4;
			sourceTree = "<group>";
		};
		E34F6A7108F83B24007373A1 = {
			fileEncoding = 30;
			isa = PBXFileReference;
			lastKnownFileType = sourcecode.c.h;
			path = metaserver.h;
			refType = 4;
			sourceTree = "<group>";
		};
		E34F6A7208F83B24007373A1 = {
			fileEncoding = 30;
			isa = PBXFileReference;
			lastKnownFileType = sourcecode.c.c;
			path = net.c;
			refType = 4;
			sourceTree = "<group>";
		};
		E34F6A7308F83B24007373A1 = {
			fileEncoding = 30;
			isa = PBXFileReference;
			lastKnownFileType = sourcecode.c.h;
			path = net.h;
			refType = 4;
			sourceTree = "<group>";
		};
		E34F6A7408F83B24007373A1 = {
			fileEncoding = 30;
			isa = PBXFileReference;
			lastKnownFileType = sourcecode.c.h;
			path = pack.h;
			refType = 4;
			sourceTree = "<group>";
		};
		E34F6A7508F83B24007373A1 = {
			fileEncoding = 30;
			isa = PBXFileReference;
			lastKnownFileType = sourcecode.c.h;
			path = packet.h;
			refType = 4;
			sourceTree = "<group>";
		};
		E34F6A7608F83B24007373A1 = {
			fileEncoding = 30;
			isa = PBXFileReference;
			lastKnownFileType = sourcecode.c.c;
			path = portability.c;
			refType = 4;
			sourceTree = "<group>";
		};
		E34F6A7708F83B24007373A1 = {
			fileEncoding = 30;
			isa = PBXFileReference;
			lastKnownFileType = sourcecode.c.h;
			path = portability.h;
			refType = 4;
			sourceTree = "<group>";
		};
		E34F6A7808F83B24007373A1 = {
			fileEncoding = 30;
			isa = PBXFileReference;
			lastKnownFileType = sourcecode.c.c;
			path = randommt.c;
			refType = 4;
			sourceTree = "<group>";
		};
		E34F6A7908F83B24007373A1 = {
			fileEncoding = 30;
			isa = PBXFileReference;
			lastKnownFileType = sourcecode.c.h;
			path = rules.h;
			refType = 4;
			sourceTree = "<group>";
		};
		E34F6A7A08F83B24007373A1 = {
			fileEncoding = 30;
			isa = PBXFileReference;
			lastKnownFileType = sourcecode.c.h;
			path = setup.h;
			refType = 4;
			sourceTree = "<group>";
		};
		E34F6A7B08F83B24007373A1 = {
			fileEncoding = 30;
			isa = PBXFileReference;
			lastKnownFileType = sourcecode.c.c;
			path = shipshape.c;
			refType = 4;
			sourceTree = "<group>";
		};
		E34F6A7C08F83B24007373A1 = {
			fileEncoding = 30;
			isa = PBXFileReference;
			lastKnownFileType = sourcecode.c.h;
			path = shipshape.h;
			refType = 4;
			sourceTree = "<group>";
		};
		E34F6A7D08F83B24007373A1 = {
			fileEncoding = 30;
			isa = PBXFileReference;
			lastKnownFileType = sourcecode.c.c;
			path = socklib.c;
			refType = 4;
			sourceTree = "<group>";
		};
		E34F6A7E08F83B24007373A1 = {
			fileEncoding = 30;
			isa = PBXFileReference;
			lastKnownFileType = sourcecode.c.h;
			path = socklib.h;
			refType = 4;
			sourceTree = "<group>";
		};
		E34F6A7F08F83B24007373A1 = {
			fileEncoding = 30;
			isa = PBXFileReference;
			lastKnownFileType = sourcecode.c.c;
			path = strcasecmp.c;
			refType = 4;
			sourceTree = "<group>";
		};
		E34F6A8008F83B24007373A1 = {
			fileEncoding = 30;
			isa = PBXFileReference;
			lastKnownFileType = sourcecode.c.c;
			path = strdup.c;
			refType = 4;
			sourceTree = "<group>";
		};
		E34F6A8108F83B24007373A1 = {
			fileEncoding = 30;
			isa = PBXFileReference;
			lastKnownFileType = sourcecode.c.c;
			path = strlcpy.c;
			refType = 4;
			sourceTree = "<group>";
		};
		E34F6A8208F83B24007373A1 = {
			fileEncoding = 30;
			isa = PBXFileReference;
			lastKnownFileType = sourcecode.c.h;
			path = types.h;
			refType = 4;
			sourceTree = "<group>";
		};
		E34F6A8308F83B24007373A1 = {
			fileEncoding = 30;
			isa = PBXFileReference;
			lastKnownFileType = sourcecode.c.h;
			path = version.h;
			refType = 4;
			sourceTree = "<group>";
		};
		E34F6A8408F83B24007373A1 = {
			fileEncoding = 30;
			isa = PBXFileReference;
			lastKnownFileType = sourcecode.c.h;
			path = wreckshape.h;
			refType = 4;
			sourceTree = "<group>";
		};
		E34F6A8508F83B24007373A1 = {
			fileEncoding = 30;
			isa = PBXFileReference;
			lastKnownFileType = sourcecode.c.h;
			path = xpcommon.h;
			refType = 4;
			sourceTree = "<group>";
		};
		E34F6A8608F83B24007373A1 = {
			fileEncoding = 30;
			isa = PBXFileReference;
			lastKnownFileType = sourcecode.c.h;
			path = xpconfig.h;
			refType = 4;
			sourceTree = "<group>";
		};
		E34F6A8708F83B24007373A1 = {
			fileEncoding = 30;
			isa = PBXFileReference;
			lastKnownFileType = sourcecode.c.h;
			path = xpmap.h;
			refType = 4;
			sourceTree = "<group>";
		};
		E34F6A8808F83B24007373A1 = {
			fileEncoding = 30;
			isa = PBXFileReference;
			lastKnownFileType = sourcecode.c.c;
			path = xpmemory.c;
			refType = 4;
			sourceTree = "<group>";
		};
		E34F6A8908F83B24007373A1 = {
			fileRef = E34F6A5F08F83B24007373A1;
			isa = PBXBuildFile;
			settings = {
			};
		};
		E34F6A8E08F83B24007373A1 = {
			fileRef = E34F6A6408F83B24007373A1;
			isa = PBXBuildFile;
			settings = {
			};
		};
		E34F6A9208F83B24007373A1 = {
			fileRef = E34F6A6808F83B24007373A1;
			isa = PBXBuildFile;
			settings = {
			};
		};
		E34F6A9408F83B24007373A1 = {
			fileRef = E34F6A6A08F83B24007373A1;
			isa = PBXBuildFile;
			settings = {
			};
		};
		E34F6A9808F83B24007373A1 = {
			fileRef = E34F6A6E08F83B24007373A1;
			isa = PBXBuildFile;
			settings = {
			};
		};
		E34F6A9A08F83B24007373A1 = {
			fileRef = E34F6A7008F83B24007373A1;
			isa = PBXBuildFile;
			settings = {
			};
		};
		E34F6A9C08F83B24007373A1 = {
			fileRef = E34F6A7208F83B24007373A1;
			isa = PBXBuildFile;
			settings = {
			};
		};
		E34F6AA008F83B24007373A1 = {
			fileRef = E34F6A7608F83B24007373A1;
			isa = PBXBuildFile;
			settings = {
			};
		};
		E34F6AA208F83B24007373A1 = {
			fileRef = E34F6A7808F83B24007373A1;
			isa = PBXBuildFile;
			settings = {
			};
		};
		E34F6AA508F83B24007373A1 = {
			fileRef = E34F6A7B08F83B24007373A1;
			isa = PBXBuildFile;
			settings = {
			};
		};
		E34F6AA708F83B24007373A1 = {
			fileRef = E34F6A7D08F83B24007373A1;
			isa = PBXBuildFile;
			settings = {
			};
		};
		E34F6AA908F83B24007373A1 = {
			fileRef = E34F6A7F08F83B24007373A1;
			isa = PBXBuildFile;
			settings = {
			};
		};
		E34F6AAA08F83B24007373A1 = {
			fileRef = E34F6A8008F83B24007373A1;
			isa = PBXBuildFile;
			settings = {
			};
		};
		E34F6AAB08F83B24007373A1 = {
			fileRef = E34F6A8108F83B24007373A1;
			isa = PBXBuildFile;
			settings = {
			};
		};
		E34F6AB208F83B24007373A1 = {
			fileRef = E34F6A8808F83B24007373A1;
			isa = PBXBuildFile;
			settings = {
			};
		};
		E34F6AB308F83B30007373A1 = {
			fileRef = E34F6A5F08F83B24007373A1;
			isa = PBXBuildFile;
			settings = {
			};
		};
		E34F6AB408F83B31007373A1 = {
			fileRef = E34F6A6408F83B24007373A1;
			isa = PBXBuildFile;
			settings = {
			};
		};
		E34F6AB508F83B32007373A1 = {
			fileRef = E34F6A6808F83B24007373A1;
			isa = PBXBuildFile;
			settings = {
			};
		};
		E34F6AB608F83B33007373A1 = {
			fileRef = E34F6A6A08F83B24007373A1;
			isa = PBXBuildFile;
			settings = {
			};
		};
		E34F6AB708F83B36007373A1 = {
			fileRef = E34F6A6E08F83B24007373A1;
			isa = PBXBuildFile;
			settings = {
			};
		};
		E34F6AB808F83B37007373A1 = {
			fileRef = E34F6A7008F83B24007373A1;
			isa = PBXBuildFile;
			settings = {
			};
		};
		E34F6AB908F83B37007373A1 = {
			fileRef = E34F6A7208F83B24007373A1;
			isa = PBXBuildFile;
			settings = {
			};
		};
		E34F6ABA08F83B3A007373A1 = {
			fileRef = E34F6A7608F83B24007373A1;
			isa = PBXBuildFile;
			settings = {
			};
		};
		E34F6ABB08F83B3B007373A1 = {
			fileRef = E34F6A7808F83B24007373A1;
			isa = PBXBuildFile;
			settings = {
			};
		};
		E34F6ABC08F83B3C007373A1 = {
			fileRef = E34F6A7B08F83B24007373A1;
			isa = PBXBuildFile;
			settings = {
			};
		};
		E34F6ABD08F83B3C007373A1 = {
			fileRef = E34F6A7D08F83B24007373A1;
			isa = PBXBuildFile;
			settings = {
			};
		};
		E34F6ABE08F83B3D007373A1 = {
			fileRef = E34F6A7F08F83B24007373A1;
			isa = PBXBuildFile;
			settings = {
			};
		};
		E34F6ABF08F83B3E007373A1 = {
			fileRef = E34F6A8008F83B24007373A1;
			isa = PBXBuildFile;
			settings = {
			};
		};
		E34F6AC008F83B3E007373A1 = {
			fileRef = E34F6A8108F83B24007373A1;
			isa = PBXBuildFile;
			settings = {
			};
		};
		E34F6AC108F83B40007373A1 = {
			fileRef = E34F6A8808F83B24007373A1;
			isa = PBXBuildFile;
			settings = {
			};
		};
		E34F6AC208F83B69007373A1 = {
			fileRef = E34F69C708F838D5007373A1;
			isa = PBXBuildFile;
			settings = {
			};
		};
		E34F6AC408F83B6D007373A1 = {
			fileRef = E34F69C908F838D5007373A1;
			isa = PBXBuildFile;
			settings = {
			};
		};
		E34F6AC608F83B73007373A1 = {
			fileRef = E34F69CB08F838D5007373A1;
			isa = PBXBuildFile;
			settings = {
			};
		};
		E34F6AC808F83B79007373A1 = {
			fileRef = E34F69CD08F838D5007373A1;
			isa = PBXBuildFile;
			settings = {
			};
		};
		E34F6ACD08F83B89007373A1 = {
			fileRef = E34F69D108F838D5007373A1;
			isa = PBXBuildFile;
			settings = {
			};
		};
		E34F6ACF08F83B8B007373A1 = {
			fileRef = E34F69D308F838D5007373A1;
			isa = PBXBuildFile;
			settings = {
			};
		};
		E34F6AD008F83B8C007373A1 = {
			fileRef = E34F69D408F838D5007373A1;
			isa = PBXBuildFile;
			settings = {
			};
		};
		E34F6AD108F83B8D007373A1 = {
			fileRef = E34F69D508F838D5007373A1;
			isa = PBXBuildFile;
			settings = {
			};
		};
		E34F6AD508F83B90007373A1 = {
			fileRef = E34F69D908F838D5007373A1;
			isa = PBXBuildFile;
			settings = {
			};
		};
		E34F6AD608F83B91007373A1 = {
			fileRef = E34F69DA08F838D5007373A1;
			isa = PBXBuildFile;
			settings = {
			};
		};
		E34F6AD708F83B92007373A1 = {
			fileRef = E34F69DB08F838D5007373A1;
			isa = PBXBuildFile;
			settings = {
			};
		};
		E34F6AD908F83BA8007373A1 = {
			fileRef = E34F69DD08F838D5007373A1;
			isa = PBXBuildFile;
			settings = {
			};
		};
		E34F6ADB08F83BAA007373A1 = {
			fileRef = E34F69DF08F838D5007373A1;
			isa = PBXBuildFile;
			settings = {
			};
		};
		E34F6ADC08F83BAB007373A1 = {
			fileRef = E34F69E008F838D5007373A1;
			isa = PBXBuildFile;
			settings = {
			};
		};
		E34F6ADE08F83BAC007373A1 = {
			fileRef = E34F69E208F838D5007373A1;
			isa = PBXBuildFile;
			settings = {
			};
		};
		E34F6AE008F83BAE007373A1 = {
			fileRef = E34F69E408F838D5007373A1;
			isa = PBXBuildFile;
			settings = {
			};
		};
		E34F6AE108F83BAE007373A1 = {
			fileRef = E34F69E508F838D5007373A1;
			isa = PBXBuildFile;
			settings = {
			};
		};
		E34F6AE208F83BAF007373A1 = {
			fileRef = E34F69E608F838D5007373A1;
			isa = PBXBuildFile;
			settings = {
			};
		};
		E34F6AE508F83BB1007373A1 = {
			fileRef = E34F69E908F838D6007373A1;
			isa = PBXBuildFile;
			settings = {
			};
		};
		E34F6AE608F83BB2007373A1 = {
			fileRef = E34F69EA08F838D6007373A1;
			isa = PBXBuildFile;
			settings = {
			};
		};
		E34F6AE708F83BB3007373A1 = {
			fileRef = E34F69EB08F838D6007373A1;
			isa = PBXBuildFile;
			settings = {
			};
		};
		E34F6AED08F83BE3007373A1 = {
			fileRef = E34F6A1A08F83A53007373A1;
			isa = PBXBuildFile;
			settings = {
			};
		};
		E34F6AEF08F83BE5007373A1 = {
			fileRef = E34F6A1C08F83A53007373A1;
			isa = PBXBuildFile;
			settings = {
			};
		};
		E34F6AF008F83BE6007373A1 = {
			fileRef = E34F6A1D08F83A53007373A1;
			isa = PBXBuildFile;
			settings = {
			};
		};
		E34F6AF208F83BE7007373A1 = {
			fileRef = E34F6A1F08F83A53007373A1;
			isa = PBXBuildFile;
			settings = {
			};
		};
		E34F6AF408F83BE9007373A1 = {
			fileRef = E34F6A2108F83A53007373A1;
			isa = PBXBuildFile;
			settings = {
			};
		};
		E34F6AF508F83BEA007373A1 = {
			fileRef = E34F6A2208F83A53007373A1;
			isa = PBXBuildFile;
			settings = {
			};
		};
		E34F6AF708F83BEB007373A1 = {
			fileRef = E34F6A2408F83A53007373A1;
			isa = PBXBuildFile;
			settings = {
			};
		};
		E34F6AF908F83BED007373A1 = {
			fileRef = E34F6A2608F83A53007373A1;
			isa = PBXBuildFile;
			settings = {
			};
		};
		E34F6AFB08F83BEF007373A1 = {
			fileRef = E34F6A2908F83A53007373A1;
			isa = PBXBuildFile;
			settings = {
			};
		};
		E34F6AFE08F83BF1007373A1 = {
			fileRef = E34F6A2B08F83A53007373A1;
			isa = PBXBuildFile;
			settings = {
			};
		};
		E34F6AFF08F83C01007373A1 = {
			fileRef = E34F6A2C08F83A54007373A1;
			isa = PBXBuildFile;
			settings = {
			};
		};
		E34F6B0008F83C02007373A1 = {
			fileRef = E34F6A2D08F83A54007373A1;
			isa = PBXBuildFile;
			settings = {
			};
		};
		E34F6B0208F83C04007373A1 = {
			fileRef = E34F6A2F08F83A54007373A1;
			isa = PBXBuildFile;
			settings = {
			};
		};
		E34F6B0408F83C05007373A1 = {
			fileRef = E34F6A3108F83A54007373A1;
			isa = PBXBuildFile;
			settings = {
			};
		};
		E34F6B0608F83C08007373A1 = {
			fileRef = E34F6A3308F83A54007373A1;
			isa = PBXBuildFile;
			settings = {
			};
		};
		E34F6B0808F83C09007373A1 = {
			fileRef = E34F6A3508F83A54007373A1;
			isa = PBXBuildFile;
			settings = {
			};
		};
		E34F6B0A08F83C0A007373A1 = {
			fileRef = E34F6A3708F83A54007373A1;
			isa = PBXBuildFile;
			settings = {
			};
		};
		E34F6B0C08F83C0C007373A1 = {
			fileRef = E34F6A3908F83A54007373A1;
			isa = PBXBuildFile;
			settings = {
			};
		};
		E34F6B0E08F83CF8007373A1 = {
			fileEncoding = 30;
			isa = PBXFileReference;
			lastKnownFileType = sourcecode.c.c;
			path = alliance.c;
			refType = 4;
			sourceTree = "<group>";
		};
		E34F6B0F08F83CF8007373A1 = {
			fileEncoding = 30;
			isa = PBXFileReference;
			lastKnownFileType = sourcecode.c.c;
			path = asteroid.c;
			refType = 4;
			sourceTree = "<group>";
		};
		E34F6B1008F83CF8007373A1 = {
			fileEncoding = 30;
			isa = PBXFileReference;
			lastKnownFileType = sourcecode.c.h;
			path = asteroid.h;
			refType = 4;
			sourceTree = "<group>";
		};
		E34F6B1108F83CF8007373A1 = {
			fileEncoding = 30;
			isa = PBXFileReference;
			lastKnownFileType = sourcecode.c.c;
			path = cannon.c;
			refType = 4;
			sourceTree = "<group>";
		};
		E34F6B1208F83CF8007373A1 = {
			fileEncoding = 30;
			isa = PBXFileReference;
			lastKnownFileType = sourcecode.c.h;
			path = cannon.h;
			refType = 4;
			sourceTree = "<group>";
		};
		E34F6B1308F83CF8007373A1 = {
			fileEncoding = 30;
			isa = PBXFileReference;
			lastKnownFileType = sourcecode.c.c;
			path = cell.c;
			refType = 4;
			sourceTree = "<group>";
		};
		E34F6B1408F83CF8007373A1 = {
			fileEncoding = 30;
			isa = PBXFileReference;
			lastKnownFileType = sourcecode.c.c;
			path = cmdline.c;
			refType = 4;
			sourceTree = "<group>";
		};
		E34F6B1508F83CF8007373A1 = {
			fileEncoding = 30;
			isa = PBXFileReference;
			lastKnownFileType = sourcecode.c.c;
			path = collision.c;
			refType = 4;
			sourceTree = "<group>";
		};
		E34F6B1608F83CF8007373A1 = {
			fileEncoding = 30;
			isa = PBXFileReference;
			lastKnownFileType = sourcecode.c.c;
			path = command.c;
			refType = 4;
			sourceTree = "<group>";
		};
		E34F6B1708F83CF8007373A1 = {
			fileEncoding = 30;
			isa = PBXFileReference;
			lastKnownFileType = sourcecode.c.h;
			path = connection.h;
			refType = 4;
			sourceTree = "<group>";
		};
		E34F6B1808F83CF8007373A1 = {
			fileEncoding = 30;
			isa = PBXFileReference;
			lastKnownFileType = sourcecode.c.c;
			path = contact.c;
			refType = 4;
			sourceTree = "<group>";
		};
		E34F6B1908F83CF8007373A1 = {
			fileEncoding = 30;
			isa = PBXFileReference;
			lastKnownFileType = sourcecode.c.h;
			path = defaults.h;
			refType = 4;
			sourceTree = "<group>";
		};
		E34F6B1A08F83CF8007373A1 = {
			fileEncoding = 30;
			isa = PBXFileReference;
			lastKnownFileType = sourcecode.c.c;
			path = event.c;
			refType = 4;
			sourceTree = "<group>";
		};
		E34F6B1B08F83CF8007373A1 = {
			fileEncoding = 30;
			isa = PBXFileReference;
			lastKnownFileType = sourcecode.c.c;
			path = fileparser.c;
			refType = 4;
			sourceTree = "<group>";
		};
		E34F6B1C08F83CF8007373A1 = {
			fileEncoding = 30;
			isa = PBXFileReference;
			lastKnownFileType = sourcecode.c.c;
			path = frame.c;
			refType = 4;
			sourceTree = "<group>";
		};
		E34F6B1D08F83CF8007373A1 = {
			fileEncoding = 30;
			isa = PBXFileReference;
			lastKnownFileType = sourcecode.c.c;
			path = gravity.c;
			refType = 4;
			sourceTree = "<group>";
		};
		E34F6B1E08F83CF8007373A1 = {
			fileEncoding = 30;
			isa = PBXFileReference;
			lastKnownFileType = sourcecode.c.c;
			path = id.c;
			refType = 4;
			sourceTree = "<group>";
		};
		E34F6B1F08F83CF8007373A1 = {
			fileEncoding = 30;
			isa = PBXFileReference;
			lastKnownFileType = sourcecode.c.c;
			path = item.c;
			refType = 4;
			sourceTree = "<group>";
		};
		E34F6B2008F83CF8007373A1 = {
			fileEncoding = 30;
			isa = PBXFileReference;
			lastKnownFileType = sourcecode.c.c;
			path = laser.c;
			refType = 4;
			sourceTree = "<group>";
		};
		E34F6B2108F83CF8007373A1 = {
			fileEncoding = 30;
			isa = PBXFileReference;
			lastKnownFileType = sourcecode.c.c;
			path = map.c;
			refType = 4;
			sourceTree = "<group>";
		};
		E34F6B2208F83CF8007373A1 = {
			fileEncoding = 30;
			isa = PBXFileReference;
			lastKnownFileType = sourcecode.c.h;
			path = map.h;
			refType = 4;
			sourceTree = "<group>";
		};
		E34F6B2308F83CF8007373A1 = {
			fileEncoding = 30;
			isa = PBXFileReference;
			lastKnownFileType = sourcecode.c.c;
			path = metaserver.c;
			refType = 4;
			sourceTree = "<group>";
		};
		E34F6B2408F83CF8007373A1 = {
			fileEncoding = 30;
			isa = PBXFileReference;
			lastKnownFileType = sourcecode.c.c;
			path = modifiers.c;
			refType = 4;
			sourceTree = "<group>";
		};
		E34F6B2508F83CF8007373A1 = {
			fileEncoding = 30;
			isa = PBXFileReference;
			lastKnownFileType = sourcecode.c.h;
			path = modifiers.h;
			refType = 4;
			sourceTree = "<group>";
		};
		E34F6B2608F83CF8007373A1 = {
			fileEncoding = 30;
			isa = PBXFileReference;
			lastKnownFileType = sourcecode.c.c;
			path = netserver.c;
			refType = 4;
			sourceTree = "<group>";
		};
		E34F6B2708F83CF8007373A1 = {
			fileEncoding = 30;
			isa = PBXFileReference;
			lastKnownFileType = sourcecode.c.h;
			path = netserver.h;
			refType = 4;
			sourceTree = "<group>";
		};
		E34F6B2808F83CF8007373A1 = {
			fileEncoding = 30;
			isa = PBXFileReference;
			lastKnownFileType = sourcecode.c.c;
			path = object.c;
			refType = 4;
			sourceTree = "<group>";
		};
		E34F6B2908F83CF8007373A1 = {
			fileEncoding = 30;
			isa = PBXFileReference;
			lastKnownFileType = sourcecode.c.h;
			path = object.h;
			refType = 4;
			sourceTree = "<group>";
		};
		E34F6B2A08F83CF8007373A1 = {
			fileEncoding = 30;
			isa = PBXFileReference;
			lastKnownFileType = sourcecode.c.c;
			path = objpos.c;
			refType = 4;
			sourceTree = "<group>";
		};
		E34F6B2B08F83CF8007373A1 = {
			fileEncoding = 30;
			isa = PBXFileReference;
			lastKnownFileType = sourcecode.c.h;
			path = objpos.h;
			refType = 4;
			sourceTree = "<group>";
		};
		E34F6B2C08F83CF8007373A1 = {
			fileEncoding = 30;
			isa = PBXFileReference;
			lastKnownFileType = sourcecode.c.c;
			path = option.c;
			refType = 4;
			sourceTree = "<group>";
		};
		E34F6B2D08F83CF8007373A1 = {
			fileEncoding = 30;
			isa = PBXFileReference;
			lastKnownFileType = sourcecode.c.h;
			path = option.h;
			refType = 4;
			sourceTree = "<group>";
		};
		E34F6B2E08F83CF8007373A1 = {
			fileEncoding = 30;
			isa = PBXFileReference;
			lastKnownFileType = sourcecode.c.c;
			path = parser.c;
			refType = 4;
			sourceTree = "<group>";
		};
		E34F6B2F08F83CF8007373A1 = {
			fileEncoding = 30;
			isa = PBXFileReference;
			lastKnownFileType = sourcecode.c.c;
			path = player.c;
			refType = 4;
			sourceTree = "<group>";
		};
		E34F6B3008F83CF8007373A1 = {
			fileEncoding = 30;
			isa = PBXFileReference;
			lastKnownFileType = sourcecode.c.h;
			path = player.h;
			refType = 4;
			sourceTree = "<group>";
		};
		E34F6B3108F83CF8007373A1 = {
			fileEncoding = 30;
			isa = PBXFileReference;
			lastKnownFileType = sourcecode.c.c;
			path = polygon.c;
			refType = 4;
			sourceTree = "<group>";
		};
		E34F6B3208F83CF8007373A1 = {
			fileEncoding = 30;
			isa = PBXFileReference;
			lastKnownFileType = sourcecode.c.c;
			path = race.c;
			refType = 4;
			sourceTree = "<group>";
		};
		E34F6B3308F83CF8007373A1 = {
			fileEncoding = 30;
			isa = PBXFileReference;
			lastKnownFileType = sourcecode.c.c;
			path = rank.c;
			refType = 4;
			sourceTree = "<group>";
		};
		E34F6B3408F83CF8007373A1 = {
			fileEncoding = 30;
			isa = PBXFileReference;
			lastKnownFileType = sourcecode.c.h;
			path = rank.h;
			refType = 4;
			sourceTree = "<group>";
		};
		E34F6B3508F83CF8007373A1 = {
			fileEncoding = 30;
			isa = PBXFileReference;
			lastKnownFileType = sourcecode.c.c;
			path = recwrap.c;
			refType = 4;
			sourceTree = "<group>";
		};
		E34F6B3608F83CF8007373A1 = {
			fileEncoding = 30;
			isa = PBXFileReference;
			lastKnownFileType = sourcecode.c.h;
			path = recwrap.h;
			refType = 4;
			sourceTree = "<group>";
		};
		E34F6B3708F83CF8007373A1 = {
			fileEncoding = 30;
			isa = PBXFileReference;
			lastKnownFileType = sourcecode.c.c;
			path = robot.c;
			refType = 4;
			sourceTree = "<group>";
		};
		E34F6B3808F83CF8007373A1 = {
			fileEncoding = 30;
			isa = PBXFileReference;
			lastKnownFileType = sourcecode.c.h;
			path = robot.h;
			refType = 4;
			sourceTree = "<group>";
		};
		E34F6B3908F83CF8007373A1 = {
			fileEncoding = 30;
			isa = PBXFileReference;
			lastKnownFileType = sourcecode.c.c;
			path = robotdef.c;
			refType = 4;
			sourceTree = "<group>";
		};
		E34F6B3A08F83CF8007373A1 = {
			fileEncoding = 30;
			isa = PBXFileReference;
			lastKnownFileType = sourcecode.c.c;
			path = rules.c;
			refType = 4;
			sourceTree = "<group>";
		};
		E34F6B3B08F83CF8007373A1 = {
			fileEncoding = 30;
			isa = PBXFileReference;
			lastKnownFileType = sourcecode.c.c;
			path = saudio.c;
			refType = 4;
			sourceTree = "<group>";
		};
		E34F6B3C08F83CF8007373A1 = {
			fileEncoding = 30;
			isa = PBXFileReference;
			lastKnownFileType = sourcecode.c.h;
			path = saudio.h;
			refType = 4;
			sourceTree = "<group>";
		};
		E34F6B3D08F83CF8007373A1 = {
			fileEncoding = 30;
			isa = PBXFileReference;
			lastKnownFileType = sourcecode.c.c;
			path = sched.c;
			refType = 4;
			sourceTree = "<group>";
		};
		E34F6B3E08F83CF8007373A1 = {
			fileEncoding = 30;
			isa = PBXFileReference;
			lastKnownFileType = sourcecode.c.h;
			path = sched.h;
			refType = 4;
			sourceTree = "<group>";
		};
		E34F6B3F08F83CF8007373A1 = {
			fileEncoding = 30;
			isa = PBXFileReference;
			lastKnownFileType = sourcecode.c.c;
			path = score.c;
			refType = 4;
			sourceTree = "<group>";
		};
		E34F6B4008F83CF8007373A1 = {
			fileEncoding = 30;
			isa = PBXFileReference;
			lastKnownFileType = sourcecode.c.h;
			path = score.h;
			refType = 4;
			sourceTree = "<group>";
		};
		E34F6B4108F83CF8007373A1 = {
			fileEncoding = 30;
			isa = PBXFileReference;
			lastKnownFileType = sourcecode.c.c;
			path = server.c;
			refType = 4;
			sourceTree = "<group>";
		};
		E34F6B4208F83CF8007373A1 = {
			fileEncoding = 30;
			isa = PBXFileReference;
			lastKnownFileType = sourcecode.c.h;
			path = server.h;
			refType = 4;
			sourceTree = "<group>";
		};
		E34F6B4308F83CF8007373A1 = {
			fileEncoding = 30;
			isa = PBXFileReference;
			lastKnownFileType = sourcecode.c.h;
			path = serverconst.h;
			refType = 4;
			sourceTree = "<group>";
		};
		E34F6B4408F83CF8007373A1 = {
			fileEncoding = 30;
			isa = PBXFileReference;
			lastKnownFileType = sourcecode.c.c;
			path = ship.c;
			refType = 4;
			sourceTree = "<group>";
		};
		E34F6B4508F83CF8007373A1 = {
			fileEncoding = 30;
			isa = PBXFileReference;
			lastKnownFileType = sourcecode.c.c;
			path = shot.c;
			refType = 4;
			sourceTree = "<group>";
		};
		E34F6B4608F83CF8007373A1 = {
			fileEncoding = 30;
			isa = PBXFileReference;
			lastKnownFileType = sourcecode.c.c;
			path = showtime.c;
			refType = 4;
			sourceTree = "<group>";
		};
		E34F6B4708F83CF8007373A1 = {
			fileEncoding = 30;
			isa = PBXFileReference;
			lastKnownFileType = sourcecode.c.c;
			path = srecord.c;
			refType = 4;
			sourceTree = "<group>";
		};
		E34F6B4808F83CF8007373A1 = {
			fileEncoding = 30;
			isa = PBXFileReference;
			lastKnownFileType = sourcecode.c.h;
			path = srecord.h;
			refType = 4;
			sourceTree = "<group>";
		};
		E34F6B4908F83CF8007373A1 = {
			fileEncoding = 30;
			isa = PBXFileReference;
			lastKnownFileType = sourcecode.c.c;
			path = tag.c;
			refType = 4;
			sourceTree = "<group>";
		};
		E34F6B4A08F83CF8007373A1 = {
			fileEncoding = 30;
			isa = PBXFileReference;
			lastKnownFileType = sourcecode.c.c;
			path = target.c;
			refType = 4;
			sourceTree = "<group>";
		};
		E34F6B4B08F83CF8007373A1 = {
			fileEncoding = 30;
			isa = PBXFileReference;
			lastKnownFileType = sourcecode.c.h;
			path = target.h;
			refType = 4;
			sourceTree = "<group>";
		};
		E34F6B4C08F83CF8007373A1 = {
			fileEncoding = 30;
			isa = PBXFileReference;
			lastKnownFileType = sourcecode.c.c;
			path = teamcup.c;
			refType = 4;
			sourceTree = "<group>";
		};
		E34F6B4D08F83CF8007373A1 = {
			fileEncoding = 30;
			isa = PBXFileReference;
			lastKnownFileType = sourcecode.c.h;
			path = teamcup.h;
			refType = 4;
			sourceTree = "<group>";
		};
		E34F6B4E08F83CF8007373A1 = {
			fileEncoding = 30;
			isa = PBXFileReference;
			lastKnownFileType = sourcecode.c.c;
			path = treasure.c;
			refType = 4;
			sourceTree = "<group>";
		};
		E34F6B4F08F83CF8007373A1 = {
			fileEncoding = 30;
			isa = PBXFileReference;
			lastKnownFileType = sourcecode.c.c;
			path = tuner.c;
			refType = 4;
			sourceTree = "<group>";
		};
		E34F6B5008F83CF8007373A1 = {
			fileEncoding = 30;
			isa = PBXFileReference;
			lastKnownFileType = sourcecode.c.h;
			path = tuner.h;
			refType = 4;
			sourceTree = "<group>";
		};
		E34F6B5108F83CF8007373A1 = {
			fileEncoding = 30;
			isa = PBXFileReference;
			lastKnownFileType = sourcecode.c.c;
			path = update.c;
			refType = 4;
			sourceTree = "<group>";
		};
		E34F6B5208F83CF8007373A1 = {
			fileEncoding = 30;
			isa = PBXFileReference;
			lastKnownFileType = sourcecode.c.c;
			path = walls.c;
			refType = 4;
			sourceTree = "<group>";
		};
		E34F6B5308F83CF8007373A1 = {
			fileEncoding = 30;
			isa = PBXFileReference;
			lastKnownFileType = sourcecode.c.h;
			path = walls.h;
			refType = 4;
			sourceTree = "<group>";
		};
		E34F6B5408F83CF8007373A1 = {
			fileEncoding = 30;
			isa = PBXFileReference;
			lastKnownFileType = sourcecode.c.c;
			path = wormhole.c;
			refType = 4;
			sourceTree = "<group>";
		};
		E34F6B5508F83CF8007373A1 = {
			fileEncoding = 30;
			isa = PBXFileReference;
			lastKnownFileType = sourcecode.c.h;
			path = wormhole.h;
			refType = 4;
			sourceTree = "<group>";
		};
		E34F6B5608F83CF8007373A1 = {
			fileEncoding = 30;
			isa = PBXFileReference;
			lastKnownFileType = sourcecode.c.c;
			path = xp2map.c;
			refType = 4;
			sourceTree = "<group>";
		};
		E34F6B5708F83CF8007373A1 = {
			fileEncoding = 30;
			isa = PBXFileReference;
			lastKnownFileType = sourcecode.c.c;
			path = xpmap.c;
			refType = 4;
			sourceTree = "<group>";
		};
		E34F6B5808F83CF8007373A1 = {
			fileEncoding = 30;
			isa = PBXFileReference;
			lastKnownFileType = sourcecode.c.h;
			path = xpserver.h;
			refType = 4;
			sourceTree = "<group>";
		};
		E34F6B5908F83D0D007373A1 = {
			fileRef = E34F6B0E08F83CF8007373A1;
			isa = PBXBuildFile;
			settings = {
			};
		};
		E34F6B5A08F83D0E007373A1 = {
			fileRef = E34F6B0F08F83CF8007373A1;
			isa = PBXBuildFile;
			settings = {
			};
		};
		E34F6B5B08F83D0F007373A1 = {
			fileRef = E34F6B1108F83CF8007373A1;
			isa = PBXBuildFile;
			settings = {
			};
		};
		E34F6B5C08F83D10007373A1 = {
			fileRef = E34F6B1308F83CF8007373A1;
			isa = PBXBuildFile;
			settings = {
			};
		};
		E34F6B5D08F83D11007373A1 = {
			fileRef = E34F6B1408F83CF8007373A1;
			isa = PBXBuildFile;
			settings = {
			};
		};
		E34F6B5E08F83D11007373A1 = {
			fileRef = E34F6B1508F83CF8007373A1;
			isa = PBXBuildFile;
			settings = {
			};
		};
		E34F6B5F08F83D12007373A1 = {
			fileRef = E34F6B1608F83CF8007373A1;
			isa = PBXBuildFile;
			settings = {
			};
		};
		E34F6B6008F83D13007373A1 = {
			fileRef = E34F6B1808F83CF8007373A1;
			isa = PBXBuildFile;
			settings = {
			};
		};
		E34F6B6108F83D17007373A1 = {
			fileRef = E34F6B1A08F83CF8007373A1;
			isa = PBXBuildFile;
			settings = {
			};
		};
		E34F6B6208F83D18007373A1 = {
			fileRef = E34F6B1B08F83CF8007373A1;
			isa = PBXBuildFile;
			settings = {
			};
		};
		E34F6B6308F83D18007373A1 = {
			fileRef = E34F6B1C08F83CF8007373A1;
			isa = PBXBuildFile;
			settings = {
			};
		};
		E34F6B6408F83D19007373A1 = {
			fileRef = E34F6B1D08F83CF8007373A1;
			isa = PBXBuildFile;
			settings = {
			};
		};
		E34F6B6508F83D19007373A1 = {
			fileRef = E34F6B1E08F83CF8007373A1;
			isa = PBXBuildFile;
			settings = {
			};
		};
		E34F6B6608F83D1A007373A1 = {
			fileRef = E34F6B1F08F83CF8007373A1;
			isa = PBXBuildFile;
			settings = {
			};
		};
		E34F6B6708F83D1B007373A1 = {
			fileRef = E34F6B2008F83CF8007373A1;
			isa = PBXBuildFile;
			settings = {
			};
		};
		E34F6B6808F83D1C007373A1 = {
			fileRef = E34F6B2108F83CF8007373A1;
			isa = PBXBuildFile;
			settings = {
			};
		};
		E34F6B6908F83D1C007373A1 = {
			fileRef = E34F6B2308F83CF8007373A1;
			isa = PBXBuildFile;
			settings = {
			};
		};
		E34F6B6A08F83D1E007373A1 = {
			fileRef = E34F6B2408F83CF8007373A1;
			isa = PBXBuildFile;
			settings = {
			};
		};
		E34F6B6B08F83D1F007373A1 = {
			fileRef = E34F6B2608F83CF8007373A1;
			isa = PBXBuildFile;
			settings = {
			};
		};
		E34F6B6C08F83D22007373A1 = {
			fileRef = E34F6B2808F83CF8007373A1;
			isa = PBXBuildFile;
			settings = {
			};
		};
		E34F6B6D08F83D23007373A1 = {
			fileRef = E34F6B2A08F83CF8007373A1;
			isa = PBXBuildFile;
			settings = {
			};
		};
		E34F6B6E08F83D24007373A1 = {
			fileRef = E34F6B2C08F83CF8007373A1;
			isa = PBXBuildFile;
			settings = {
			};
		};
		E34F6B6F08F83D25007373A1 = {
			fileRef = E34F6B2E08F83CF8007373A1;
			isa = PBXBuildFile;
			settings = {
			};
		};
		E34F6B7008F83D26007373A1 = {
			fileRef = E34F6B2F08F83CF8007373A1;
			isa = PBXBuildFile;
			settings = {
			};
		};
		E34F6B7108F83D28007373A1 = {
			fileRef = E34F6B3108F83CF8007373A1;
			isa = PBXBuildFile;
			settings = {
			};
		};
		E34F6B7208F83D29007373A1 = {
			fileRef = E34F6B3208F83CF8007373A1;
			isa = PBXBuildFile;
			settings = {
			};
		};
		E34F6B7308F83D29007373A1 = {
			fileRef = E34F6B3308F83CF8007373A1;
			isa = PBXBuildFile;
			settings = {
			};
		};
		E34F6B7408F83D2B007373A1 = {
			fileRef = E34F6B3508F83CF8007373A1;
			isa = PBXBuildFile;
			settings = {
			};
		};
		E34F6B7508F83D2B007373A1 = {
			fileRef = E34F6B3708F83CF8007373A1;
			isa = PBXBuildFile;
			settings = {
			};
		};
		E34F6B7608F83D2C007373A1 = {
			fileRef = E34F6B3908F83CF8007373A1;
			isa = PBXBuildFile;
			settings = {
			};
		};
		E34F6B7708F83D2D007373A1 = {
			fileRef = E34F6B3A08F83CF8007373A1;
			isa = PBXBuildFile;
			settings = {
			};
		};
		E34F6B7808F83D2E007373A1 = {
			fileRef = E34F6B3B08F83CF8007373A1;
			isa = PBXBuildFile;
			settings = {
			};
		};
		E34F6B7908F83D2F007373A1 = {
			fileRef = E34F6B3D08F83CF8007373A1;
			isa = PBXBuildFile;
			settings = {
			};
		};
		E34F6B7A08F83D30007373A1 = {
			fileRef = E34F6B3F08F83CF8007373A1;
			isa = PBXBuildFile;
			settings = {
			};
		};
		E34F6B7B08F83D31007373A1 = {
			fileRef = E34F6B4108F83CF8007373A1;
			isa = PBXBuildFile;
			settings = {
			};
		};
		E34F6B7C08F83D35007373A1 = {
			fileRef = E34F6B4408F83CF8007373A1;
			isa = PBXBuildFile;
			settings = {
			};
		};
		E34F6B7D08F83D36007373A1 = {
			fileRef = E34F6B4508F83CF8007373A1;
			isa = PBXBuildFile;
			settings = {
			};
		};
		E34F6B7E08F83D37007373A1 = {
			fileRef = E34F6B4608F83CF8007373A1;
			isa = PBXBuildFile;
			settings = {
			};
		};
		E34F6B7F08F83D37007373A1 = {
			fileRef = E34F6B4708F83CF8007373A1;
			isa = PBXBuildFile;
			settings = {
			};
		};
		E34F6B8008F83D38007373A1 = {
			fileRef = E34F6B4908F83CF8007373A1;
			isa = PBXBuildFile;
			settings = {
			};
		};
		E34F6B8108F83D39007373A1 = {
			fileRef = E34F6B4A08F83CF8007373A1;
			isa = PBXBuildFile;
			settings = {
			};
		};
		E34F6B8208F83D39007373A1 = {
			fileRef = E34F6B4C08F83CF8007373A1;
			isa = PBXBuildFile;
			settings = {
			};
		};
		E34F6B8308F83D3B007373A1 = {
			fileRef = E34F6B4E08F83CF8007373A1;
			isa = PBXBuildFile;
			settings = {
			};
		};
		E34F6B8408F83D3C007373A1 = {
			fileRef = E34F6B4F08F83CF8007373A1;
			isa = PBXBuildFile;
			settings = {
			};
		};
		E34F6B8508F83D3C007373A1 = {
			fileRef = E34F6B5108F83CF8007373A1;
			isa = PBXBuildFile;
			settings = {
			};
		};
		E34F6B8608F83D3E007373A1 = {
			fileRef = E34F6B5208F83CF8007373A1;
			isa = PBXBuildFile;
			settings = {
			};
		};
		E34F6B8708F83D3F007373A1 = {
			fileRef = E34F6B5408F83CF8007373A1;
			isa = PBXBuildFile;
			settings = {
			};
		};
		E34F6B8808F83D3F007373A1 = {
			fileRef = E34F6B5608F83CF8007373A1;
			isa = PBXBuildFile;
			settings = {
			};
		};
		E34F6B8908F83D40007373A1 = {
			fileRef = E34F6B5708F83CF8007373A1;
			isa = PBXBuildFile;
			settings = {
			};
		};
		E34F6B9808F83FAD007373A1 = {
			buildActionMask = 2147483647;
			dstPath = "";
			dstSubfolderSpec = 10;
			files = (
				E34F6BDA08F84223007373A1,
				E34F6C4808F842DB007373A1,
				E34F6BDC08F84223007373A1,
				E34F6BDD08F84223007373A1,
				E34F6BDE08F84223007373A1,
			);
			isa = PBXCopyFilesBuildPhase;
			runOnlyForDeploymentPostprocessing = 0;
		};
		E34F6BC308F8408A007373A1 = {
			isa = PBXFileReference;
			lastKnownFileType = wrapper.framework;
			name = OpenAL.framework;
			path = /Library/Frameworks/OpenAL.framework;
			refType = 0;
			sourceTree = "<absolute>";
		};
		E34F6BDA08F84223007373A1 = {
			fileRef = E34F6BC308F8408A007373A1;
			isa = PBXBuildFile;
			settings = {
			};
		};
		E34F6BDC08F84223007373A1 = {
			fileRef = E3E0ADF2080517E70080821B;
			isa = PBXBuildFile;
			settings = {
			};
		};
		E34F6BDD08F84223007373A1 = {
			fileRef = E3E0ADF0080517D80080821B;
			isa = PBXBuildFile;
			settings = {
			};
		};
		E34F6BDE08F84223007373A1 = {
			fileRef = E3E0ADEC080517970080821B;
			isa = PBXBuildFile;
			settings = {
			};
		};
		E34F6C1A08F84289007373A1 = {
			isa = PBXFileReference;
			lastKnownFileType = wrapper.framework;
			name = SDL.framework;
			path = /Library/Frameworks/SDL.framework;
			refType = 0;
			sourceTree = "<absolute>";
		};
		E34F6C4108F842C0007373A1 = {
			buildActionMask = 2147483647;
			files = (
				E34F6C4208F842CD007373A1,
				E34F6C4308F842CE007373A1,
				E34F6C4408F842CF007373A1,
				E34F6C4508F842D0007373A1,
				E34F6C4608F842D0007373A1,
				E34F6C4708F842D1007373A1,
				E34F6DB808F85951007373A1,
				E34F6DCD08F859C1007373A1,
			);
			isa = PBXFrameworksBuildPhase;
			runOnlyForDeploymentPostprocessing = 0;
		};
		E34F6C4208F842CD007373A1 = {
			fileRef = 1058C7A1FEA54F0111CA2CBB;
			isa = PBXBuildFile;
			settings = {
			};
		};
		E34F6C4308F842CE007373A1 = {
			fileRef = E34F6BC308F8408A007373A1;
			isa = PBXBuildFile;
			settings = {
			};
		};
		E34F6C4408F842CF007373A1 = {
			fileRef = E34F6C1A08F84289007373A1;
			isa = PBXBuildFile;
			settings = {
			};
		};
		E34F6C4508F842D0007373A1 = {
			fileRef = E3E0ADF2080517E70080821B;
			isa = PBXBuildFile;
			settings = {
			};
		};
		E34F6C4608F842D0007373A1 = {
			fileRef = E3E0ADF0080517D80080821B;
			isa = PBXBuildFile;
			settings = {
			};
		};
		E34F6C4708F842D1007373A1 = {
			fileRef = E3E0ADEC080517970080821B;
			isa = PBXBuildFile;
			settings = {
			};
		};
		E34F6C4808F842DB007373A1 = {
			fileRef = E34F6C1A08F84289007373A1;
			isa = PBXBuildFile;
			settings = {
			};
		};
		E34F6C4A08F8448C007373A1 = {
			fileRef = E34F6A1808F83A53007373A1;
			isa = PBXBuildFile;
			settings = {
			};
		};
		E34F6DB708F85951007373A1 = {
			isa = PBXFileReference;
			lastKnownFileType = wrapper.framework;
			name = OpenGL.framework;
			path = /System/Library/Frameworks/OpenGL.framework;
			refType = 0;
			sourceTree = "<absolute>";
		};
		E34F6DB808F85951007373A1 = {
			fileRef = E34F6DB708F85951007373A1;
			isa = PBXBuildFile;
			settings = {
			};
		};
		E34F6DCC08F859C1007373A1 = {
			isa = PBXFileReference;
			lastKnownFileType = "compiled.mach-o.dylib";
			name = libz.dylib;
			path = /usr/lib/libz.dylib;
			refType = 0;
			sourceTree = "<absolute>";
		};
		E34F6DCD08F859C1007373A1 = {
			fileRef = E34F6DCC08F859C1007373A1;
			isa = PBXBuildFile;
			settings = {
			};
		};
		E34F6DD708F85B61007373A1 = {
			fileRef = E34F6DCC08F859C1007373A1;
			isa = PBXBuildFile;
			settings = {
			};
		};
		E3A5D64508FC4FE800869090 = {
			buildActionMask = 2147483647;
			files = (
				E3A5D65308FC51D100869090,
				E3A5D65408FC522600869090,
				E3A5D65708FC559800869090,
				E3A5D67808FC5A3700869090,
			);
			isa = PBXResourcesBuildPhase;
			runOnlyForDeploymentPostprocessing = 0;
		};
		E3A5D64808FC4FE800869090 = {
			buildPhases = (
				E3A5D64508FC4FE800869090,
				E3A5D67B08FC5B7F00869090,
			);
			buildRules = (
			);
			buildSettings = {
				INFOPLIST_FILE = "contrib/macosx/xpngcc-Info.plist";
				PREBINDING = NO;
				PRODUCT_NAME = "XPilotNG Control Center";
			};
			dependencies = (
				E3A5D65608FC523500869090,
				E3A5D65908FC55A700869090,
			);
			isa = PBXNativeTarget;
			name = "XPilotNG Control Center.app";
			productName = "XPilotNG Control Center.app";
			productReference = E3A5D64908FC4FE800869090;
			productSettingsXML = "<?xml version=\"1.0\" encoding=\"UTF-8\"?>
<!DOCTYPE plist PUBLIC \"-//Apple Computer//DTD PLIST 1.0//EN\" \"http://www.apple.com/DTDs/PropertyList-1.0.dtd\">
<plist version=\"1.0\">
<dict>
	<key>CFBundleDevelopmentRegion</key>
	<string>English</string>
	<key>CFBundleExecutable</key>
	<string>XPilotNG Control Center.app</string>
	<key>CFBundleIdentifier</key>
	<string>com.yourcompany.XPilotNG_Control_Center_app</string>
	<key>CFBundleInfoDictionaryVersion</key>
	<string>6.0</string>
	<key>CFBundlePackageType</key>
	<string>APPL</string>
	<key>CFBundleSignature</key>
	<string>????</string>
	<key>CFBundleVersion</key>
	<string>1.0</string>
	<key>NSMainNibFile</key>
	<string>MainMenu</string>
	<key>NSPrincipalClass</key>
	<string>NSApplication</string>
</dict>
</plist>
";
			productType = "com.apple.product-type.application";
		};
		E3A5D64908FC4FE800869090 = {
			explicitFileType = wrapper.application;
			includeInIndex = 0;
			isa = PBXFileReference;
			path = "XPilotNG Control Center.app";
			refType = 3;
			sourceTree = BUILT_PRODUCTS_DIR;
		};
		E3A5D64F08FC512300869090 = {
			fileEncoding = 30;
			isa = PBXFileReference;
			lastKnownFileType = text.xml;
			path = "xpngcc-Info.plist";
			refType = 4;
			sourceTree = "<group>";
		};
		E3A5D65308FC51D100869090 = {
			fileRef = E3E0AE1B080520BE0080821B;
			isa = PBXBuildFile;
			settings = {
			};
		};
		E3A5D65408FC522600869090 = {
			fileRef = 8D1107320486CEB800E47090;
			isa = PBXBuildFile;
			settings = {
			};
		};
		E3A5D65508FC523500869090 = {
			containerPortal = 29B97313FDCFA39411CA2CEA;
			isa = PBXContainerItemProxy;
			proxyType = 1;
			remoteGlobalIDString = 8D1107260486CEB800E47090;
			remoteInfo = XPilotNG.app;
		};
		E3A5D65608FC523500869090 = {
			isa = PBXTargetDependency;
			target = 8D1107260486CEB800E47090;
			targetProxy = E3A5D65508FC523500869090;
		};
		E3A5D65708FC559800869090 = {
			fileRef = E3F9396D0812CCDE00F425B2;
			isa = PBXBuildFile;
			settings = {
			};
		};
		E3A5D65808FC55A700869090 = {
			containerPortal = 29B97313FDCFA39411CA2CEA;
			isa = PBXContainerItemProxy;
			proxyType = 1;
			remoteGlobalIDString = E3F9396C0812CCDE00F425B2;
			remoteInfo = "xpilot-ng-server";
		};
		E3A5D65908FC55A700869090 = {
			isa = PBXTargetDependency;
			target = E3F9396C0812CCDE00F425B2;
			targetProxy = E3A5D65808FC55A700869090;
		};
		E3A5D66108FC571B00869090 = {
			fileEncoding = 30;
			isa = PBXFileReference;
			lastKnownFileType = sourcecode.c.c;
			path = suibotdef.c;
			refType = 4;
			sourceTree = "<group>";
		};
		E3A5D66208FC571B00869090 = {
			fileRef = E3A5D66108FC571B00869090;
			isa = PBXBuildFile;
			settings = {
			};
		};
		E3A5D66408FC5A3600869090 = {
			isa = PBXFileReference;
			lastKnownFileType = folder;
			name = xpngcc;
			path = contrib/xpngcc;
			refType = 4;
			sourceTree = "<group>";
		};
		E3A5D67808FC5A3700869090 = {
			fileRef = E3A5D66408FC5A3600869090;
			isa = PBXBuildFile;
			settings = {
			};
		};
		E3A5D67908FC5AE100869090 = {
			fileEncoding = 30;
			isa = PBXFileReference;
			lastKnownFileType = text.script.python;
			path = "xpilot-ng-control-center.py";
			refType = 4;
			sourceTree = "<group>";
		};
		E3A5D67B08FC5B7F00869090 = {
			buildActionMask = 2147483647;
			dstPath = "XPilotNG Control Center.app/Contents/MacOS";
			dstSubfolderSpec = 16;
			files = (
				E3A5D67C08FC5BB300869090,
			);
			isa = PBXCopyFilesBuildPhase;
			runOnlyForDeploymentPostprocessing = 0;
		};
		E3A5D67C08FC5BB300869090 = {
			fileRef = E3A5D67908FC5AE100869090;
			isa = PBXBuildFile;
			settings = {
			};
		};
		E3E0A571080515800080821B = {
			fileEncoding = 30;
			isa = PBXFileReference;
			lastKnownFileType = sourcecode.c.h;
			path = config.h;
			refType = 4;
			sourceTree = "<group>";
		};
		E3E0A573080515800080821B = {
			fileEncoding = 30;
			isa = PBXFileReference;
			lastKnownFileType = sourcecode.c.h;
			path = macosx_sdlmain.h;
			refType = 4;
			sourceTree = "<group>";
		};
		E3E0A574080515800080821B = {
			fileEncoding = 30;
			isa = PBXFileReference;
			lastKnownFileType = sourcecode.c.objc;
			path = macosx_sdlmain.m;
			refType = 4;
			sourceTree = "<group>";
		};
		E3E0A578080515800080821B = {
			fileRef = E3E0A574080515800080821B;
			isa = PBXBuildFile;
			settings = {
			};
		};
		E3E0AA0B080515FE0080821B = {
			children = (
				E3E0AA0C080515FE0080821B,
				E3E0AAE9080516000080821B,
				E3E0AB2A080516000080821B,
				E3E0AB3D080516000080821B,
			);
			isa = PBXGroup;
			path = src;
			refType = 4;
			sourceTree = "<group>";
		};
		E3E0AA0C080515FE0080821B = {
			children = (
				E34F69C708F838D5007373A1,
				E34F69C808F838D5007373A1,
				E34F69C908F838D5007373A1,
				E34F69CA08F838D5007373A1,
				E34F69CB08F838D5007373A1,
				E34F69CC08F838D5007373A1,
				E34F69CD08F838D5007373A1,
				E34F69CE08F838D5007373A1,
				E34F69CF08F838D5007373A1,
				E34F69D008F838D5007373A1,
				E34F69D108F838D5007373A1,
				E34F69D208F838D5007373A1,
				E34F69D308F838D5007373A1,
				E34F69D408F838D5007373A1,
				E34F69D508F838D5007373A1,
				E34F69D608F838D5007373A1,
				E34F69D708F838D5007373A1,
				E34F69D808F838D5007373A1,
				E3E0AA1F080515FE0080821B,
				E34F69D908F838D5007373A1,
				E34F69DA08F838D5007373A1,
				E34F69DB08F838D5007373A1,
				E34F69DC08F838D5007373A1,
				E34F69DD08F838D5007373A1,
				E34F69DE08F838D5007373A1,
				E34F69DF08F838D5007373A1,
				E34F69E008F838D5007373A1,
				E34F69E108F838D5007373A1,
				E34F69E208F838D5007373A1,
				E34F69E308F838D5007373A1,
				E34F69E408F838D5007373A1,
				E34F69E508F838D5007373A1,
				E34F69E608F838D5007373A1,
				E34F69E708F838D6007373A1,
				E3E0AA96080515FF0080821B,
				E34F69E808F838D6007373A1,
				E34F69E908F838D6007373A1,
				E34F69EA08F838D6007373A1,
				E34F69EB08F838D6007373A1,
				E34F6A1308F83A1C007373A1,
				E34F6A1508F83A27007373A1,
			);
			isa = PBXGroup;
			path = client;
			refType = 4;
			sourceTree = "<group>";
		};
		E3E0AA1F080515FE0080821B = {
			children = (
				E3E0AA20080515FE0080821B,
				E3E0AA21080515FE0080821B,
				E3E0AA22080515FE0080821B,
				E3E0AA23080515FE0080821B,
				E3E0AA24080515FE0080821B,
				E3E0AA25080515FE0080821B,
				E3E0AA26080515FE0080821B,
				E3E0AA27080515FE0080821B,
				E3E0AA28080515FE0080821B,
				E3E0AA29080515FE0080821B,
				E3E0AA2A080515FE0080821B,
				E3E0AA2B080515FF0080821B,
				E3E0AA2C080515FF0080821B,
				E3E0AA2D080515FF0080821B,
				E3E0AA2E080515FF0080821B,
				E3E0AA2F080515FF0080821B,
				E3E0AA30080515FF0080821B,
				E3E0AA31080515FF0080821B,
				E3E0AA32080515FF0080821B,
				E3E0AA33080515FF0080821B,
				E3E0AA34080515FF0080821B,
			);
			isa = PBXGroup;
			path = items;
			refType = 4;
			sourceTree = "<group>";
		};
		E3E0AA20080515FE0080821B = {
			fileEncoding = 30;
			isa = PBXFileReference;
			lastKnownFileType = text;
			path = itemAfterburner.xbm;
			refType = 4;
			sourceTree = "<group>";
		};
		E3E0AA21080515FE0080821B = {
			fileEncoding = 30;
			isa = PBXFileReference;
			lastKnownFileType = text;
			path = itemArmor.xbm;
			refType = 4;
			sourceTree = "<group>";
		};
		E3E0AA22080515FE0080821B = {
			fileEncoding = 30;
			isa = PBXFileReference;
			lastKnownFileType = text;
			path = itemAutopilot.xbm;
			refType = 4;
			sourceTree = "<group>";
		};
		E3E0AA23080515FE0080821B = {
			fileEncoding = 30;
			isa = PBXFileReference;
			lastKnownFileType = text;
			path = itemCloakingDevice.xbm;
			refType = 4;
			sourceTree = "<group>";
		};
		E3E0AA24080515FE0080821B = {
			fileEncoding = 30;
			isa = PBXFileReference;
			lastKnownFileType = text;
			path = itemDeflector.xbm;
			refType = 4;
			sourceTree = "<group>";
		};
		E3E0AA25080515FE0080821B = {
			fileEncoding = 30;
			isa = PBXFileReference;
			lastKnownFileType = text;
			path = itemEcm.xbm;
			refType = 4;
			sourceTree = "<group>";
		};
		E3E0AA26080515FE0080821B = {
			fileEncoding = 30;
			isa = PBXFileReference;
			lastKnownFileType = text;
			path = itemEmergencyShield.xbm;
			refType = 4;
			sourceTree = "<group>";
		};
		E3E0AA27080515FE0080821B = {
			fileEncoding = 30;
			isa = PBXFileReference;
			lastKnownFileType = text;
			path = itemEmergencyThrust.xbm;
			refType = 4;
			sourceTree = "<group>";
		};
		E3E0AA28080515FE0080821B = {
			fileEncoding = 30;
			isa = PBXFileReference;
			lastKnownFileType = text;
			path = itemEnergyPack.xbm;
			refType = 4;
			sourceTree = "<group>";
		};
		E3E0AA29080515FE0080821B = {
			fileEncoding = 30;
			isa = PBXFileReference;
			lastKnownFileType = text;
			path = itemHyperJump.xbm;
			refType = 4;
			sourceTree = "<group>";
		};
		E3E0AA2A080515FE0080821B = {
			fileEncoding = 30;
			isa = PBXFileReference;
			lastKnownFileType = text;
			path = itemLaser.xbm;
			refType = 4;
			sourceTree = "<group>";
		};
		E3E0AA2B080515FF0080821B = {
			fileEncoding = 30;
			isa = PBXFileReference;
			lastKnownFileType = text;
			path = itemMinePack.xbm;
			refType = 4;
			sourceTree = "<group>";
		};
		E3E0AA2C080515FF0080821B = {
			fileEncoding = 30;
			isa = PBXFileReference;
			lastKnownFileType = text;
			path = itemMirror.xbm;
			refType = 4;
			sourceTree = "<group>";
		};
		E3E0AA2D080515FF0080821B = {
			fileEncoding = 30;
			isa = PBXFileReference;
			lastKnownFileType = text;
			path = itemPhasingDevice.xbm;
			refType = 4;
			sourceTree = "<group>";
		};
		E3E0AA2E080515FF0080821B = {
			fileEncoding = 30;
			isa = PBXFileReference;
			lastKnownFileType = text;
			path = itemRearShot.xbm;
			refType = 4;
			sourceTree = "<group>";
		};
		E3E0AA2F080515FF0080821B = {
			fileEncoding = 30;
			isa = PBXFileReference;
			lastKnownFileType = text;
			path = itemRocketPack.xbm;
			refType = 4;
			sourceTree = "<group>";
		};
		E3E0AA30080515FF0080821B = {
			fileEncoding = 30;
			isa = PBXFileReference;
			lastKnownFileType = text;
			path = itemSensorPack.xbm;
			refType = 4;
			sourceTree = "<group>";
		};
		E3E0AA31080515FF0080821B = {
			fileEncoding = 30;
			isa = PBXFileReference;
			lastKnownFileType = text;
			path = itemTank.xbm;
			refType = 4;
			sourceTree = "<group>";
		};
		E3E0AA32080515FF0080821B = {
			fileEncoding = 30;
			isa = PBXFileReference;
			lastKnownFileType = text;
			path = itemTractorBeam.xbm;
			refType = 4;
			sourceTree = "<group>";
		};
		E3E0AA33080515FF0080821B = {
			fileEncoding = 30;
			isa = PBXFileReference;
			lastKnownFileType = text;
			path = itemTransporter.xbm;
			refType = 4;
			sourceTree = "<group>";
		};
		E3E0AA34080515FF0080821B = {
			fileEncoding = 30;
			isa = PBXFileReference;
			lastKnownFileType = text;
			path = itemWideangleShot.xbm;
			refType = 4;
			sourceTree = "<group>";
		};
		E3E0AA96080515FF0080821B = {
			children = (
				E34F6A1708F83A53007373A1,
				E34F6A1808F83A53007373A1,
				E34F6A1908F83A53007373A1,
				E34F6A1A08F83A53007373A1,
				E34F6A1B08F83A53007373A1,
				E34F6A1C08F83A53007373A1,
				E34F6A1D08F83A53007373A1,
				E34F6A1E08F83A53007373A1,
				E34F6A1F08F83A53007373A1,
				E34F6A2008F83A53007373A1,
				E3E0A573080515800080821B,
				E3E0A574080515800080821B,
				E34F6A2108F83A53007373A1,
				E34F6A2208F83A53007373A1,
				E34F6A2308F83A53007373A1,
				E34F6A2408F83A53007373A1,
				E34F6A2508F83A53007373A1,
				E34F6A2608F83A53007373A1,
				E34F6A2708F83A53007373A1,
				E34F6A2808F83A53007373A1,
				E34F6A2908F83A53007373A1,
				E34F6A2A08F83A53007373A1,
				E34F6A2B08F83A53007373A1,
				E34F6A2C08F83A54007373A1,
				E34F6A2D08F83A54007373A1,
				E34F6A2E08F83A54007373A1,
				E34F6A2F08F83A54007373A1,
				E34F6A3008F83A54007373A1,
				E34F6A3108F83A54007373A1,
				E34F6A3208F83A54007373A1,
				E34F6A3308F83A54007373A1,
				E34F6A3408F83A54007373A1,
				E34F6A3508F83A54007373A1,
				E34F6A3608F83A54007373A1,
				E34F6A3708F83A54007373A1,
				E34F6A3808F83A54007373A1,
				E34F6A3908F83A54007373A1,
				E34F6A3A08F83A54007373A1,
			);
			isa = PBXGroup;
			path = sdl;
			refType = 4;
			sourceTree = "<group>";
		};
		E3E0AAE9080516000080821B = {
			children = (
				E34F6A5F08F83B24007373A1,
				E34F6A6008F83B24007373A1,
				E34F6A6108F83B24007373A1,
				E34F6A6208F83B24007373A1,
				E34F6A6308F83B24007373A1,
				E34F6A6408F83B24007373A1,
				E34F6A6508F83B24007373A1,
				E34F6A6608F83B24007373A1,
				E34F6A6708F83B24007373A1,
				E34F6A6808F83B24007373A1,
				E34F6A6908F83B24007373A1,
				E34F6A6A08F83B24007373A1,
				E34F6A6B08F83B24007373A1,
				E34F6A6C08F83B24007373A1,
				E34F6A6D08F83B24007373A1,
				E34F6A6E08F83B24007373A1,
				E34F6A6F08F83B24007373A1,
				E34F6A7008F83B24007373A1,
				E34F6A7108F83B24007373A1,
				E34F6A7208F83B24007373A1,
				E34F6A7308F83B24007373A1,
				E34F6A7408F83B24007373A1,
				E34F6A7508F83B24007373A1,
				E34F6A7608F83B24007373A1,
				E34F6A7708F83B24007373A1,
				E34F6A7808F83B24007373A1,
				E34F6A7908F83B24007373A1,
				E34F6A7A08F83B24007373A1,
				E34F6A7B08F83B24007373A1,
				E34F6A7C08F83B24007373A1,
				E34F6A7D08F83B24007373A1,
				E34F6A7E08F83B24007373A1,
				E34F6A7F08F83B24007373A1,
				E34F6A8008F83B24007373A1,
				E34F6A8108F83B24007373A1,
				E34F6A8208F83B24007373A1,
				E34F6A8308F83B24007373A1,
				E34F6A8408F83B24007373A1,
				E34F6A8508F83B24007373A1,
				E34F6A8608F83B24007373A1,
				E34F6A8708F83B24007373A1,
				E34F6A8808F83B24007373A1,
			);
			isa = PBXGroup;
			path = common;
			refType = 4;
			sourceTree = "<group>";
		};
		E3E0AB2A080516000080821B = {
			children = (
				E3E0AB2B080516000080821B,
				E3E0AB2C080516000080821B,
				E3E0AB2F080516000080821B,
				E3E0AB3B080516000080821B,
				E3E0AB3C080516000080821B,
			);
			isa = PBXGroup;
			path = replay;
			refType = 4;
			sourceTree = "<group>";
		};
		E3E0AB2B080516000080821B = {
			fileEncoding = 30;
			isa = PBXFileReference;
			lastKnownFileType = sourcecode.c.c;
			path = buttons.c;
			refType = 4;
			sourceTree = "<group>";
		};
		E3E0AB2C080516000080821B = {
			fileEncoding = 30;
			isa = PBXFileReference;
			lastKnownFileType = sourcecode.c.h;
			path = buttons.h;
			refType = 4;
			sourceTree = "<group>";
		};
		E3E0AB2F080516000080821B = {
			children = (
				E3E0AB30080516000080821B,
				E3E0AB31080516000080821B,
				E3E0AB32080516000080821B,
				E3E0AB35080516000080821B,
				E3E0AB36080516000080821B,
				E3E0AB37080516000080821B,
				E3E0AB38080516000080821B,
				E3E0AB39080516000080821B,
				E3E0AB3A080516000080821B,
			);
			isa = PBXGroup;
			path = tools;
			refType = 4;
			sourceTree = "<group>";
		};
		E3E0AB30080516000080821B = {
			fileEncoding = 30;
			isa = PBXFileReference;
			lastKnownFileType = text;
			path = eject.xbm;
			refType = 4;
			sourceTree = "<group>";
		};
		E3E0AB31080516000080821B = {
			fileEncoding = 30;
			isa = PBXFileReference;
			lastKnownFileType = text;
			path = fastf.xbm;
			refType = 4;
			sourceTree = "<group>";
		};
		E3E0AB32080516000080821B = {
			fileEncoding = 30;
			isa = PBXFileReference;
			lastKnownFileType = text;
			path = grey.xbm;
			refType = 4;
			sourceTree = "<group>";
		};
		E3E0AB35080516000080821B = {
			fileEncoding = 30;
			isa = PBXFileReference;
			lastKnownFileType = text;
			path = pause.xbm;
			refType = 4;
			sourceTree = "<group>";
		};
		E3E0AB36080516000080821B = {
			fileEncoding = 30;
			isa = PBXFileReference;
			lastKnownFileType = text;
			path = play.xbm;
			refType = 4;
			sourceTree = "<group>";
		};
		E3E0AB37080516000080821B = {
			fileEncoding = 30;
			isa = PBXFileReference;
			lastKnownFileType = text;
			path = record.xbm;
			refType = 4;
			sourceTree = "<group>";
		};
		E3E0AB38080516000080821B = {
			fileEncoding = 30;
			isa = PBXFileReference;
			lastKnownFileType = text;
			path = revplay.xbm;
			refType = 4;
			sourceTree = "<group>";
		};
		E3E0AB39080516000080821B = {
			fileEncoding = 30;
			isa = PBXFileReference;
			lastKnownFileType = text;
			path = rewind.xbm;
			refType = 4;
			sourceTree = "<group>";
		};
		E3E0AB3A080516000080821B = {
			fileEncoding = 30;
			isa = PBXFileReference;
			lastKnownFileType = text;
			path = stop.xbm;
			refType = 4;
			sourceTree = "<group>";
		};
		E3E0AB3B080516000080821B = {
			fileEncoding = 30;
			isa = PBXFileReference;
			lastKnownFileType = sourcecode.c.c;
			path = "xp-replay.c";
			refType = 4;
			sourceTree = "<group>";
		};
		E3E0AB3C080516000080821B = {
			fileEncoding = 30;
			isa = PBXFileReference;
			lastKnownFileType = sourcecode.c.h;
			path = "xp-replay.h";
			refType = 4;
			sourceTree = "<group>";
		};
		E3E0AB3D080516000080821B = {
			children = (
				E34F6B0E08F83CF8007373A1,
				E34F6B0F08F83CF8007373A1,
				E34F6B1008F83CF8007373A1,
				E34F6B1108F83CF8007373A1,
				E34F6B1208F83CF8007373A1,
				E34F6B1308F83CF8007373A1,
				E34F6B1408F83CF8007373A1,
				E34F6B1508F83CF8007373A1,
				E34F6B1608F83CF8007373A1,
				E34F6B1708F83CF8007373A1,
				E34F6B1808F83CF8007373A1,
				E34F6B1908F83CF8007373A1,
				E34F6B1A08F83CF8007373A1,
				E34F6B1B08F83CF8007373A1,
				E34F6B1C08F83CF8007373A1,
				E34F6B1D08F83CF8007373A1,
				E34F6B1E08F83CF8007373A1,
				E34F6B1F08F83CF8007373A1,
				E34F6B2008F83CF8007373A1,
				E34F6B2108F83CF8007373A1,
				E34F6B2208F83CF8007373A1,
				E34F6B2308F83CF8007373A1,
				E34F6B2408F83CF8007373A1,
				E34F6B2508F83CF8007373A1,
				E34F6B2608F83CF8007373A1,
				E34F6B2708F83CF8007373A1,
				E34F6B2808F83CF8007373A1,
				E34F6B2908F83CF8007373A1,
				E34F6B2A08F83CF8007373A1,
				E34F6B2B08F83CF8007373A1,
				E34F6B2C08F83CF8007373A1,
				E34F6B2D08F83CF8007373A1,
				E34F6B2E08F83CF8007373A1,
				E34F6B2F08F83CF8007373A1,
				E34F6B3008F83CF8007373A1,
				E34F6B3108F83CF8007373A1,
				E34F6B3208F83CF8007373A1,
				E34F6B3308F83CF8007373A1,
				E34F6B3408F83CF8007373A1,
				E34F6B3508F83CF8007373A1,
				E34F6B3608F83CF8007373A1,
				E34F6B3708F83CF8007373A1,
				E34F6B3808F83CF8007373A1,
				E34F6B3908F83CF8007373A1,
				E34F6B3A08F83CF8007373A1,
				E34F6B3B08F83CF8007373A1,
				E34F6B3C08F83CF8007373A1,
				E34F6B3D08F83CF8007373A1,
				E34F6B3E08F83CF8007373A1,
				E34F6B3F08F83CF8007373A1,
				E34F6B4008F83CF8007373A1,
				E34F6B4108F83CF8007373A1,
				E34F6B4208F83CF8007373A1,
				E34F6B4308F83CF8007373A1,
				E34F6B4408F83CF8007373A1,
				E34F6B4508F83CF8007373A1,
				E34F6B4608F83CF8007373A1,
				E34F6B4708F83CF8007373A1,
				E34F6B4808F83CF8007373A1,
				E3A5D66108FC571B00869090,
				E34F6B4908F83CF8007373A1,
				E34F6B4A08F83CF8007373A1,
				E34F6B4B08F83CF8007373A1,
				E34F6B4C08F83CF8007373A1,
				E34F6B4D08F83CF8007373A1,
				E34F6B4E08F83CF8007373A1,
				E34F6B4F08F83CF8007373A1,
				E34F6B5008F83CF8007373A1,
				E34F6B5108F83CF8007373A1,
				E34F6B5208F83CF8007373A1,
				E34F6B5308F83CF8007373A1,
				E34F6B5408F83CF8007373A1,
				E34F6B5508F83CF8007373A1,
				E34F6B5608F83CF8007373A1,
				E34F6B5708F83CF8007373A1,
				E34F6B5808F83CF8007373A1,
			);
			isa = PBXGroup;
			path = server;
			refType = 4;
			sourceTree = "<group>";
		};
		E3E0ADEC080517970080821B = {
			isa = PBXFileReference;
			lastKnownFileType = wrapper.framework;
			name = SDL_ttf.framework;
			path = /Library/Frameworks/SDL_ttf.framework;
			refType = 0;
			sourceTree = "<absolute>";
		};
		E3E0ADF0080517D80080821B = {
			isa = PBXFileReference;
			lastKnownFileType = wrapper.framework;
			name = SDL_mixer.framework;
			path = /Library/Frameworks/SDL_mixer.framework;
			refType = 0;
			sourceTree = "<absolute>";
		};
		E3E0ADF2080517E70080821B = {
			isa = PBXFileReference;
			lastKnownFileType = wrapper.framework;
			name = SDL_image.framework;
			path = /Library/Frameworks/SDL_image.framework;
			refType = 0;
			sourceTree = "<absolute>";
		};
		E3E0AE1B080520BE0080821B = {
			isa = PBXFileReference;
			lastKnownFileType = image.icns;
			path = XPilotNG.icns;
			refType = 4;
			sourceTree = "<group>";
		};
		E3E0AE1C080520BE0080821B = {
			fileRef = E3E0AE1B080520BE0080821B;
			isa = PBXBuildFile;
			settings = {
			};
		};
		E3E0AECF080527B30080821B = {
			buildPhases = (
				E32F9D7508FB724200AE0B2A,
				E32F97E108FB0B2200AE0B2A,
				E32F97E308FB0BA000AE0B2A,
				E32F9D4708FB0D2800AE0B2A,
			);
			buildSettings = {
				OTHER_CFLAGS = "";
				OTHER_LDFLAGS = "";
				OTHER_REZFLAGS = "";
				PRODUCT_NAME = "XPilotNG Data";
				SECTORDER_FLAGS = "";
				WARNING_CFLAGS = "-Wmost -Wno-four-char-constants -Wno-unknown-pragmas";
			};
			dependencies = (
			);
			isa = PBXAggregateTarget;
			name = "XPilotNG Data";
			productName = "XPilotNG Data";
		};
		E3E0AEE7080528F10080821B = {
			buildPhases = (
				E32F9D4A08FB0E0600AE0B2A,
				E32F9D4808FB0DC400AE0B2A,
			);
			buildSettings = {
				OTHER_CFLAGS = "";
				OTHER_LDFLAGS = "";
				OTHER_REZFLAGS = "";
				PRODUCT_NAME = "XPilotNG Client";
				SECTORDER_FLAGS = "";
				WARNING_CFLAGS = "-Wmost -Wno-four-char-constants -Wno-unknown-pragmas";
			};
			dependencies = (
				E3E0AEF6080529910080821B,
			);
			isa = PBXAggregateTarget;
			name = "XPilotNG Client";
			productName = "XPilotNG Client";
		};
		E3E0AEF5080529910080821B = {
			containerPortal = 29B97313FDCFA39411CA2CEA;
			isa = PBXContainerItemProxy;
			proxyType = 1;
			remoteGlobalIDString = 8D1107260486CEB800E47090;
			remoteInfo = XPilotNG.app;
		};
		E3E0AEF6080529910080821B = {
			isa = PBXTargetDependency;
			target = 8D1107260486CEB800E47090;
			targetProxy = E3E0AEF5080529910080821B;
		};
		E3E0AEF9080529BB0080821B = {
			buildPhases = (
				E32F9D4C08FB0E3D00AE0B2A,
				E32F9D5008FB0E8200AE0B2A,
			);
			buildSettings = {
				OTHER_CFLAGS = "";
				OTHER_LDFLAGS = "";
				OTHER_REZFLAGS = "";
				PRODUCT_NAME = "XPilotNG Server";
				SECTORDER_FLAGS = "";
				WARNING_CFLAGS = "-Wmost -Wno-four-char-constants -Wno-unknown-pragmas";
			};
			dependencies = (
				E3F939B80812D01600F425B2,
			);
			isa = PBXAggregateTarget;
			name = "XPilotNG Server";
			productName = "XPilotNG Server";
		};
		E3F9396A0812CCDE00F425B2 = {
			buildActionMask = 2147483647;
			files = (
				E34F6AB308F83B30007373A1,
				E34F6AB408F83B31007373A1,
				E34F6AB508F83B32007373A1,
				E34F6AB608F83B33007373A1,
				E34F6AB708F83B36007373A1,
				E34F6AB808F83B37007373A1,
				E34F6AB908F83B37007373A1,
				E34F6ABA08F83B3A007373A1,
				E34F6ABB08F83B3B007373A1,
				E34F6ABC08F83B3C007373A1,
				E34F6ABD08F83B3C007373A1,
				E34F6ABE08F83B3D007373A1,
				E34F6ABF08F83B3E007373A1,
				E34F6AC008F83B3E007373A1,
				E34F6AC108F83B40007373A1,
				E34F6B5908F83D0D007373A1,
				E34F6B5A08F83D0E007373A1,
				E34F6B5B08F83D0F007373A1,
				E34F6B5C08F83D10007373A1,
				E34F6B5D08F83D11007373A1,
				E34F6B5E08F83D11007373A1,
				E34F6B5F08F83D12007373A1,
				E34F6B6008F83D13007373A1,
				E34F6B6108F83D17007373A1,
				E34F6B6208F83D18007373A1,
				E34F6B6308F83D18007373A1,
				E34F6B6408F83D19007373A1,
				E34F6B6508F83D19007373A1,
				E34F6B6608F83D1A007373A1,
				E34F6B6708F83D1B007373A1,
				E34F6B6808F83D1C007373A1,
				E34F6B6908F83D1C007373A1,
				E34F6B6A08F83D1E007373A1,
				E34F6B6B08F83D1F007373A1,
				E34F6B6C08F83D22007373A1,
				E34F6B6D08F83D23007373A1,
				E34F6B6E08F83D24007373A1,
				E34F6B6F08F83D25007373A1,
				E34F6B7008F83D26007373A1,
				E34F6B7108F83D28007373A1,
				E34F6B7208F83D29007373A1,
				E34F6B7308F83D29007373A1,
				E34F6B7408F83D2B007373A1,
				E34F6B7508F83D2B007373A1,
				E34F6B7608F83D2C007373A1,
				E34F6B7708F83D2D007373A1,
				E34F6B7808F83D2E007373A1,
				E34F6B7908F83D2F007373A1,
				E34F6B7A08F83D30007373A1,
				E34F6B7B08F83D31007373A1,
				E34F6B7C08F83D35007373A1,
				E34F6B7D08F83D36007373A1,
				E34F6B7E08F83D37007373A1,
				E34F6B7F08F83D37007373A1,
				E3A5D66208FC571B00869090,
				E34F6B8008F83D38007373A1,
				E34F6B8108F83D39007373A1,
				E34F6B8208F83D39007373A1,
				E34F6B8308F83D3B007373A1,
				E34F6B8408F83D3C007373A1,
				E34F6B8508F83D3C007373A1,
				E34F6B8608F83D3E007373A1,
				E34F6B8708F83D3F007373A1,
				E34F6B8808F83D3F007373A1,
				E34F6B8908F83D40007373A1,
			);
			isa = PBXSourcesBuildPhase;
			runOnlyForDeploymentPostprocessing = 0;
		};
		E3F9396B0812CCDE00F425B2 = {
			buildActionMask = 2147483647;
			files = (
				E3F939C60812D0CC00F425B2,
				E34F6DD708F85B61007373A1,
			);
			isa = PBXFrameworksBuildPhase;
			runOnlyForDeploymentPostprocessing = 0;
		};
		E3F9396C0812CCDE00F425B2 = {
			buildPhases = (
				E3F9396A0812CCDE00F425B2,
				E3F9396B0812CCDE00F425B2,
			);
			buildRules = (
			);
			buildSettings = {
				GCC_PREFIX_HEADER = contrib/macosx/config.h;
				INSTALL_PATH = /usr/games/bin;
				OTHER_CFLAGS = "";
				OTHER_REZFLAGS = "";
				PREBINDING = NO;
				PRODUCT_NAME = "xpilot-ng-server";
				SECTORDER_FLAGS = "";
				WARNING_CFLAGS = "-Wmost -Wno-four-char-constants -Wno-unknown-pragmas";
			};
			dependencies = (
			);
			isa = PBXNativeTarget;
			name = "xpilot-ng-server";
			productName = "xpilot-ng-server";
			productReference = E3F9396D0812CCDE00F425B2;
			productType = "com.apple.product-type.tool";
		};
		E3F9396D0812CCDE00F425B2 = {
			explicitFileType = "compiled.mach-o.executable";
			includeInIndex = 0;
			isa = PBXFileReference;
			path = "xpilot-ng-server";
			refType = 3;
			sourceTree = BUILT_PRODUCTS_DIR;
		};
		E3F939B70812D01600F425B2 = {
			containerPortal = 29B97313FDCFA39411CA2CEA;
			isa = PBXContainerItemProxy;
			proxyType = 1;
			remoteGlobalIDString = E3F9396C0812CCDE00F425B2;
			remoteInfo = "xpilot-ng-server";
		};
		E3F939B80812D01600F425B2 = {
			isa = PBXTargetDependency;
			target = E3F9396C0812CCDE00F425B2;
			targetProxy = E3F939B70812D01600F425B2;
		};
		E3F939C50812D0CC00F425B2 = {
			isa = PBXFileReference;
			lastKnownFileType = archive.ar;
			name = libexpat.a;
			path = /usr/lib/libexpat.a;
			refType = 0;
			sourceTree = "<absolute>";
		};
		E3F939C60812D0CC00F425B2 = {
			fileRef = E3F939C50812D0CC00F425B2;
			isa = PBXBuildFile;
			settings = {
			};
		};
		E3F939C90812D13600F425B2 = {
			children = (
				E34F6DCC08F859C1007373A1,
				E3F939C50812D0CC00F425B2,
			);
			isa = PBXGroup;
			name = Libraries;
			refType = 4;
			sourceTree = "<group>";
		};
	};
	rootObject = 29B97313FDCFA39411CA2CEA;
}
